PODS:
  - EDStarRating (1.1)
  - JSONKit (1.5pre)
  - KissXML (5.0)
  - LastFm (1.15.0):
    - KissXML (~> 5.0)
  - MASPreferences (1.1)
  - NSDate+TimeAgo (1.0.3)
  - PocketSocket (0.6.1)

DEPENDENCIES:
  - EDStarRating
  - JSONKit
  - LastFm
  - MASPreferences (~> 1.1)
  - NSDate+TimeAgo
  - PocketSocket

SPEC CHECKSUMS:
  EDStarRating: c7b87f9866be0ea29bb054964023b8eb3f18286c
  JSONKit: efef3bbd3372ff33f96b9c6f34cf4fe18e74ab69
  KissXML: e537c38b18ede903ee6de45953a9bd86c131ebe9
  LastFm: 26cffa0ee5b39a4ad8c9451e882d75ce27036d3e
  MASPreferences: 971d03da4b3818f8ea0d0ef10b86b02b2c052d17
  NSDate+TimeAgo: f3533e0198fab05b716368b19f8c2185d53d6f3b
  PocketSocket: d7aae634f10202fd7e5453a54db53d9a1de2c684

COCOAPODS: 0.33.1
