PODS:
  - EDStarRating (1.1)
  - KissXML (5.0)
  - LastFm (1.15.0):
    - KissXML (~> 5.0)
  - MASPreferences (1.1)
  - NSDate+TimeAgo (1.0.3)

DEPENDENCIES:
  - EDStarRating
  - LastFm
  - MASPreferences (~> 1.1)
  - NSDate+TimeAgo

SPEC CHECKSUMS:
  EDStarRating: a41a6440a945020745d0e9ff8ada7d1afa952114
  KissXML: ce643413d618ad69886d0d43c3792b7dedfe476e
  LastFm: 28c752f8e8646531524a123ce7f6722bbfc9d3c5
  MASPreferences: fd8927826876acb095c78ca3f858818463ffdc30
  NSDate+TimeAgo: 416f55d2696d3744c313091c5a9280d47f8238fe

COCOAPODS: 0.39.0
