// !$*UTF8*$!
{
	archiveVersion = 1;
	classes = {
	};
	objectVersion = 46;
	objects = {

/* Begin PBXBuildFile section */
		1A68DAD81803B588004CBA25 /* CustomWebView.m in Sources */ = {isa = PBXBuildFile; fileRef = 1A68DAD71803B588004CBA25 /* CustomWebView.m */; };
		1A7B684017453E40001E509E /* Cocoa.framework in Frameworks */ = {isa = PBXBuildFile; fileRef = 1A7B683F17453E40001E509E /* Cocoa.framework */; };
		1A7B684A17453E40001E509E /* InfoPlist.strings in Resources */ = {isa = PBXBuildFile; fileRef = 1A7B684817453E40001E509E /* InfoPlist.strings */; };
		1A7B684C17453E40001E509E /* main.m in Sources */ = {isa = PBXBuildFile; fileRef = 1A7B684B17453E40001E509E /* main.m */; };
		1A7B685017453E40001E509E /* Credits.rtf in Resources */ = {isa = PBXBuildFile; fileRef = 1A7B684E17453E40001E509E /* Credits.rtf */; };
		1A7B685317453E40001E509E /* AppDelegate.m in Sources */ = {isa = PBXBuildFile; fileRef = 1A7B685217453E40001E509E /* AppDelegate.m */; };
		1A7B685617453E40001E509E /* MainMenu.xib in Resources */ = {isa = PBXBuildFile; fileRef = 1A7B685417453E40001E509E /* MainMenu.xib */; };
		1A7B687417453E4C001E509E /* WebKit.framework in Frameworks */ = {isa = PBXBuildFile; fileRef = 1A7B687317453E4C001E509E /* WebKit.framework */; };
		2B8FC1C018C9CB0E006D04FF /* radiant-player-mac.sdef in Resources */ = {isa = PBXBuildFile; fileRef = 2B8FC1BF18C9CB0E006D04FF /* radiant-player-mac.sdef */; };
		2B8FC1C318C9CB16006D04FF /* RadiantPlayerScriptCommand.m in Sources */ = {isa = PBXBuildFile; fileRef = 2B8FC1C218C9CB16006D04FF /* RadiantPlayerScriptCommand.m */; };
		38D0C36DAD0F40F5A7254224 /* libPods.a in Frameworks */ = {isa = PBXBuildFile; fileRef = BABD1B4DDCC34CB291C66033 /* libPods.a */; };
		B06FB3D219F7723500351943 /* LightStyle.m in Sources */ = {isa = PBXBuildFile; fileRef = B0BB948819F76CFD0081C97D /* LightStyle.m */; };
		D302E13418B561E100CCD18E /* Preferences.plist in Resources */ = {isa = PBXBuildFile; fileRef = D302E13318B561E100CCD18E /* Preferences.plist */; };
		D3091F6318C32961007C8DCD /* Utilities.m in Sources */ = {isa = PBXBuildFile; fileRef = D3091F6218C32961007C8DCD /* Utilities.m */; };
		D3091F6618C3D7C4007C8DCD /* SwipeIndicatorView.m in Sources */ = {isa = PBXBuildFile; fileRef = D3091F6518C3D7C4007C8DCD /* SwipeIndicatorView.m */; };
		D3091F6918C40FBD007C8DCD /* SwipeAnimation.m in Sources */ = {isa = PBXBuildFile; fileRef = D3091F6818C40FBD007C8DCD /* SwipeAnimation.m */; };
		D30CA00519383160007B05B2 /* NSApplication+ScriptingProperties.m in Sources */ = {isa = PBXBuildFile; fileRef = D30CA00419383160007B05B2 /* NSApplication+ScriptingProperties.m */; };
		D30CA0081938722F007B05B2 /* NSImage+ScriptingDescriptor.m in Sources */ = {isa = PBXBuildFile; fileRef = D30CA0071938722F007B05B2 /* NSImage+ScriptingDescriptor.m */; };
		D30F57891BDB7B2200929904 /* Sparkle.framework in Frameworks */ = {isa = PBXBuildFile; fileRef = D30F57881BDB7B2200929904 /* Sparkle.framework */; };
		D30F578B1BDB7BD300929904 /* Sparkle.framework in Copy Frameworks */ = {isa = PBXBuildFile; fileRef = D30F57881BDB7B2200929904 /* Sparkle.framework */; settings = {ATTRIBUTES = (CodeSignOnCopy, RemoveHeadersOnCopy, ); }; };
		D318341718CFBC7400E8F9B1 /* AppearancePreferencesViewController.m in Sources */ = {isa = PBXBuildFile; fileRef = D318341618CFBC7400E8F9B1 /* AppearancePreferencesViewController.m */; };
		D318341B18CFC7C500E8F9B1 /* ApplicationStyle.m in Sources */ = {isa = PBXBuildFile; fileRef = D318341A18CFC7C500E8F9B1 /* ApplicationStyle.m */; };
		D318342118D0513D00E8F9B1 /* CookieStorage.m in Sources */ = {isa = PBXBuildFile; fileRef = D318342018D0513D00E8F9B1 /* CookieStorage.m */; };
		D31ACE84193ACDC300AC7CB4 /* RatingBadgeButton.m in Sources */ = {isa = PBXBuildFile; fileRef = D31ACE83193ACDC300AC7CB4 /* RatingBadgeButton.m */; };
		D31ACE86193BCD3E00AC7CB4 /* Growl.framework in Frameworks */ = {isa = PBXBuildFile; fileRef = D31ACE85193BCD3E00AC7CB4 /* Growl.framework */; };
		D31ACE8A193BDD0F00AC7CB4 /* NotificationCenter.m in Sources */ = {isa = PBXBuildFile; fileRef = D31ACE89193BDD0F00AC7CB4 /* NotificationCenter.m */; };
		D31ACE8D193BE39E00AC7CB4 /* Growl.framework in Copy Frameworks */ = {isa = PBXBuildFile; fileRef = D31ACE85193BCD3E00AC7CB4 /* Growl.framework */; settings = {ATTRIBUTES = (CodeSignOnCopy, ); }; };
		D323406A18C523BC008C165B /* AboutWindow.m in Sources */ = {isa = PBXBuildFile; fileRef = D323406918C523BC008C165B /* AboutWindow.m */; };
		D326EA6418B2D7E500BEC02F /* css in Resources */ = {isa = PBXBuildFile; fileRef = D326EA6218B2D7E500BEC02F /* css */; };
		D326EA6518B2D7E500BEC02F /* js in Resources */ = {isa = PBXBuildFile; fileRef = D326EA6318B2D7E500BEC02F /* js */; };
		D328616519234D7900395FEA /* TitleBarTextView.m in Sources */ = {isa = PBXBuildFile; fileRef = D328616419234D7900395FEA /* TitleBarTextView.m */; };
		D32861681924000800395FEA /* NSDate+UTCString.m in Sources */ = {isa = PBXBuildFile; fileRef = D32861671924000800395FEA /* NSDate+UTCString.m */; };
		D328616B192414B900395FEA /* NSHTTPCookie+Coding.m in Sources */ = {isa = PBXBuildFile; fileRef = D328616A192414B900395FEA /* NSHTTPCookie+Coding.m */; };
		D32861701924744200395FEA /* NSHTTPCookieStorage+Swizzle.m in Sources */ = {isa = PBXBuildFile; fileRef = D328616F1924744200395FEA /* NSHTTPCookieStorage+Swizzle.m */; };
		D32CCEFA18BE039E00BDD484 /* PopupPanel.m in Sources */ = {isa = PBXBuildFile; fileRef = D32CCEF918BE039E00BDD484 /* PopupPanel.m */; };
		D32CCEFD18BE9BF800BDD484 /* PopupView.m in Sources */ = {isa = PBXBuildFile; fileRef = D32CCEFC18BE9BF800BDD484 /* PopupView.m */; };
		D343CDF518C69DF4002F9DB3 /* NavigationPreferencesViewController.m in Sources */ = {isa = PBXBuildFile; fileRef = D343CDF418C69DF4002F9DB3 /* NavigationPreferencesViewController.m */; };
		D346173519D907F300017023 /* SpotifyBlackVibrantStyle.m in Sources */ = {isa = PBXBuildFile; fileRef = D346173419D907F300017023 /* SpotifyBlackVibrantStyle.m */; };
		D34DC2BC18C295A700C27596 /* LastFmService.m in Sources */ = {isa = PBXBuildFile; fileRef = D34DC2BB18C295A700C27596 /* LastFmService.m */; };
		D35788BD18C2F820006AF859 /* GeneralPreferencesViewController.m in Sources */ = {isa = PBXBuildFile; fileRef = D35788BC18C2F820006AF859 /* GeneralPreferencesViewController.m */; };
		D35F2E8C1A3D9D130072E461 /* Swizzle.c in Sources */ = {isa = PBXBuildFile; fileRef = D35F2E8B1A3D9D130072E461 /* Swizzle.c */; };
		D362D5421924D17B00FC0C56 /* PrivacyPreferencesViewController.m in Sources */ = {isa = PBXBuildFile; fileRef = D362D5411924D17B00FC0C56 /* PrivacyPreferencesViewController.m */; };
		D369FEFE18E3FB6B004CB1C6 /* icon.icns in Resources */ = {isa = PBXBuildFile; fileRef = D369FEFD18E3FB6B004CB1C6 /* icon.icns */; };
		D36F50651A3D874E000541C9 /* VisualEffectView.m in Sources */ = {isa = PBXBuildFile; fileRef = D36F50641A3D874E000541C9 /* VisualEffectView.m */; };
		D370E8E018E21ABC007B5450 /* QuartzCore.framework in Frameworks */ = {isa = PBXBuildFile; fileRef = D370E8DF18E21ABC007B5450 /* QuartzCore.framework */; };
		D370E8E318E2BFE1007B5450 /* ExpandHoverView.m in Sources */ = {isa = PBXBuildFile; fileRef = D370E8E218E2BFE1007B5450 /* ExpandHoverView.m */; };
		D377DB5B1B0A6F5900026312 /* JSURLProtocol.m in Sources */ = {isa = PBXBuildFile; fileRef = D377DB5A1B0A6F5900026312 /* JSURLProtocol.m */; };
		D37A5FCB1BDBEA6A0027FBD4 /* radiant-player-mac-dsa-pub.pem in Resources */ = {isa = PBXBuildFile; fileRef = D37A5FCA1BDBEA6A0027FBD4 /* radiant-player-mac-dsa-pub.pem */; };
		D37A5FCD1BDBEAFB0027FBD4 /* radiant-player-mac-dsa-pub.pem in Copy DSA Public Key */ = {isa = PBXBuildFile; fileRef = D37A5FCA1BDBEA6A0027FBD4 /* radiant-player-mac-dsa-pub.pem */; };
		D37B638418ED315B0098F9DC /* LastFm+TrackInfo.m in Sources */ = {isa = PBXBuildFile; fileRef = D37B638318ED315B0098F9DC /* LastFm+TrackInfo.m */; };
		D37B638718F1E7680098F9DC /* SpriteDownloadURLProtocol.m in Sources */ = {isa = PBXBuildFile; fileRef = D37B638618F1E7680098F9DC /* SpriteDownloadURLProtocol.m */; };
		D37B638A18F1EFD30098F9DC /* InvertedSpriteURLProtocol.m in Sources */ = {isa = PBXBuildFile; fileRef = D37B638918F1EFD30098F9DC /* InvertedSpriteURLProtocol.m */; };
		D37C9286195DFE870035709A /* YosemiteStyle.m in Sources */ = {isa = PBXBuildFile; fileRef = D37C9285195DFE870035709A /* YosemiteStyle.m */; };
		D37C9289195E19BD0035709A /* NSImage+Data.m in Sources */ = {isa = PBXBuildFile; fileRef = D37C9288195E19BD0035709A /* NSImage+Data.m */; };
		D37C928C195E3B3F0035709A /* SpotifyBlackStyle.m in Sources */ = {isa = PBXBuildFile; fileRef = D37C928B195E3B3F0035709A /* SpotifyBlackStyle.m */; };
		D3B1668318BB0E43003FCE6B /* DummyWebViewPolicyDelegate.m in Sources */ = {isa = PBXBuildFile; fileRef = D3B1668218BB0E43003FCE6B /* DummyWebViewPolicyDelegate.m */; };
		D3B4C0C318DAB4740069AB18 /* JavaScriptCore.framework in Frameworks */ = {isa = PBXBuildFile; fileRef = D3B4C0C218DAB4740069AB18 /* JavaScriptCore.framework */; };
		D3B71C2818C2D5240041358B /* PreferencesWindowController.m in Sources */ = {isa = PBXBuildFile; fileRef = D3B71C2718C2D5240041358B /* PreferencesWindowController.m */; };
		D3B71C2F18C2D5770041358B /* LastFmPreferencesViewController.m in Sources */ = {isa = PBXBuildFile; fileRef = D3B71C2D18C2D5770041358B /* LastFmPreferencesViewController.m */; };
		D3B71C3818C2F0F20041358B /* PreferencesWindowController.xib in Resources */ = {isa = PBXBuildFile; fileRef = D3B71C3718C2F0F20041358B /* PreferencesWindowController.xib */; };
		D3CD9C3C18F25E0E002FBEE9 /* ImageURLProtocol.m in Sources */ = {isa = PBXBuildFile; fileRef = D3CD9C3B18F25E0E002FBEE9 /* ImageURLProtocol.m */; };
		D3D4C3E518E76063007238B3 /* LastFmPopover.xib in Resources */ = {isa = PBXBuildFile; fileRef = D3D4C3E418E76063007238B3 /* LastFmPopover.xib */; };
		D3D4C3E818E76674007238B3 /* LastFmPopover.m in Sources */ = {isa = PBXBuildFile; fileRef = D3D4C3E718E76674007238B3 /* LastFmPopover.m */; };
		D3D4C3EB18E77AA0007238B3 /* LastFmTrackTableCellView.m in Sources */ = {isa = PBXBuildFile; fileRef = D3D4C3EA18E77AA0007238B3 /* LastFmTrackTableCellView.m */; };
		D3DB8FF018BD253A00ABE93B /* images in Resources */ = {isa = PBXBuildFile; fileRef = D3DB8FEF18BD253A00ABE93B /* images */; };
		D3DB8FF518BD2AEC00ABE93B /* PlaybackConstants.m in Sources */ = {isa = PBXBuildFile; fileRef = D3DB8FF418BD2AEC00ABE93B /* PlaybackConstants.m */; };
		D3DB8FF818BD6A6400ABE93B /* PlaybackSliderCell.m in Sources */ = {isa = PBXBuildFile; fileRef = D3DB8FF718BD6A6400ABE93B /* PlaybackSliderCell.m */; };
		D3DF18181A99A581002AEE64 /* GoogleStyle.m in Sources */ = {isa = PBXBuildFile; fileRef = D3DF18171A99A581002AEE64 /* GoogleStyle.m */; };
		D3F14A4918F357AA007D4536 /* AdvancedPreferencesViewController.m in Sources */ = {isa = PBXBuildFile; fileRef = D3F14A4818F357AA007D4536 /* AdvancedPreferencesViewController.m */; };
		D3FAC6D418BA81EC00D9F461 /* PopupStatusView.m in Sources */ = {isa = PBXBuildFile; fileRef = D3FAC6D318BA81EC00D9F461 /* PopupStatusView.m */; };
		D3FAC6D718BA942500D9F461 /* PopupViewDelegate.m in Sources */ = {isa = PBXBuildFile; fileRef = D3FAC6D618BA942500D9F461 /* PopupViewDelegate.m */; };
		FF76BDFF1C05083D0004D31A /* DarkCyanStyle.m in Sources */ = {isa = PBXBuildFile; fileRef = FF76BDFE1C05083D0004D31A /* DarkCyanStyle.m */; };
/* End PBXBuildFile section */

/* Begin PBXCopyFilesBuildPhase section */
		D31ACE8C193BE38900AC7CB4 /* Copy Frameworks */ = {
			isa = PBXCopyFilesBuildPhase;
			buildActionMask = 2147483647;
			dstPath = "";
			dstSubfolderSpec = 10;
			files = (
				D31ACE8D193BE39E00AC7CB4 /* Growl.framework in Copy Frameworks */,
				D30F578B1BDB7BD300929904 /* Sparkle.framework in Copy Frameworks */,
			);
			name = "Copy Frameworks";
			runOnlyForDeploymentPostprocessing = 0;
		};
		D37A5FCC1BDBEAE90027FBD4 /* Copy DSA Public Key */ = {
			isa = PBXCopyFilesBuildPhase;
			buildActionMask = 2147483647;
			dstPath = "";
			dstSubfolderSpec = 7;
			files = (
				D37A5FCD1BDBEAFB0027FBD4 /* radiant-player-mac-dsa-pub.pem in Copy DSA Public Key */,
			);
			name = "Copy DSA Public Key";
			runOnlyForDeploymentPostprocessing = 0;
		};
/* End PBXCopyFilesBuildPhase section */

/* Begin PBXFileReference section */
		1A68DAD61803B588004CBA25 /* CustomWebView.h */ = {isa = PBXFileReference; fileEncoding = 4; lastKnownFileType = sourcecode.c.h; path = CustomWebView.h; sourceTree = "<group>"; };
		1A68DAD71803B588004CBA25 /* CustomWebView.m */ = {isa = PBXFileReference; fileEncoding = 4; lastKnownFileType = sourcecode.c.objc; path = CustomWebView.m; sourceTree = "<group>"; };
		1A7B683C17453E40001E509E /* Radiant Player.app */ = {isa = PBXFileReference; explicitFileType = wrapper.application; includeInIndex = 0; path = "Radiant Player.app"; sourceTree = BUILT_PRODUCTS_DIR; };
		1A7B683F17453E40001E509E /* Cocoa.framework */ = {isa = PBXFileReference; lastKnownFileType = wrapper.framework; name = Cocoa.framework; path = System/Library/Frameworks/Cocoa.framework; sourceTree = SDKROOT; };
		1A7B684217453E40001E509E /* AppKit.framework */ = {isa = PBXFileReference; lastKnownFileType = wrapper.framework; name = AppKit.framework; path = System/Library/Frameworks/AppKit.framework; sourceTree = SDKROOT; };
		1A7B684317453E40001E509E /* CoreData.framework */ = {isa = PBXFileReference; lastKnownFileType = wrapper.framework; name = CoreData.framework; path = System/Library/Frameworks/CoreData.framework; sourceTree = SDKROOT; };
		1A7B684417453E40001E509E /* Foundation.framework */ = {isa = PBXFileReference; lastKnownFileType = wrapper.framework; name = Foundation.framework; path = System/Library/Frameworks/Foundation.framework; sourceTree = SDKROOT; };
		1A7B684717453E40001E509E /* info.plist */ = {isa = PBXFileReference; lastKnownFileType = text.plist.xml; path = info.plist; sourceTree = "<group>"; };
		1A7B684917453E40001E509E /* en */ = {isa = PBXFileReference; lastKnownFileType = text.plist.strings; name = en; path = en.lproj/InfoPlist.strings; sourceTree = "<group>"; };
		1A7B684B17453E40001E509E /* main.m */ = {isa = PBXFileReference; lastKnownFileType = sourcecode.c.objc; path = main.m; sourceTree = "<group>"; };
		1A7B684D17453E40001E509E /* prefix.pch */ = {isa = PBXFileReference; lastKnownFileType = sourcecode.c.h; path = prefix.pch; sourceTree = "<group>"; };
		1A7B684F17453E40001E509E /* en */ = {isa = PBXFileReference; lastKnownFileType = text.rtf; name = en; path = en.lproj/Credits.rtf; sourceTree = "<group>"; };
		1A7B685117453E40001E509E /* AppDelegate.h */ = {isa = PBXFileReference; lastKnownFileType = sourcecode.c.h; path = AppDelegate.h; sourceTree = "<group>"; };
		1A7B685217453E40001E509E /* AppDelegate.m */ = {isa = PBXFileReference; lastKnownFileType = sourcecode.c.objc; path = AppDelegate.m; sourceTree = "<group>"; };
		1A7B685517453E40001E509E /* en */ = {isa = PBXFileReference; lastKnownFileType = file.xib; name = en; path = en.lproj/MainMenu.xib; sourceTree = "<group>"; };
		1A7B687317453E4C001E509E /* WebKit.framework */ = {isa = PBXFileReference; lastKnownFileType = wrapper.framework; name = WebKit.framework; path = System/Library/Frameworks/WebKit.framework; sourceTree = SDKROOT; };
		2B8FC1BF18C9CB0E006D04FF /* radiant-player-mac.sdef */ = {isa = PBXFileReference; fileEncoding = 4; lastKnownFileType = text.xml; path = "radiant-player-mac.sdef"; sourceTree = "<group>"; };
		2B8FC1C118C9CB16006D04FF /* RadiantPlayerScriptCommand.h */ = {isa = PBXFileReference; fileEncoding = 4; lastKnownFileType = sourcecode.c.h; path = RadiantPlayerScriptCommand.h; sourceTree = "<group>"; };
		2B8FC1C218C9CB16006D04FF /* RadiantPlayerScriptCommand.m */ = {isa = PBXFileReference; fileEncoding = 4; lastKnownFileType = sourcecode.c.objc; path = RadiantPlayerScriptCommand.m; sourceTree = "<group>"; };
		A32790DC482A48E18B516D0B /* Pods.xcconfig */ = {isa = PBXFileReference; includeInIndex = 1; lastKnownFileType = text.xcconfig; name = Pods.xcconfig; path = Pods/Pods.xcconfig; sourceTree = "<group>"; };
		B0BB948719F76CF80081C97D /* LightStyle.h */ = {isa = PBXFileReference; fileEncoding = 4; lastKnownFileType = sourcecode.c.h; path = LightStyle.h; sourceTree = "<group>"; };
		B0BB948819F76CFD0081C97D /* LightStyle.m */ = {isa = PBXFileReference; fileEncoding = 4; lastKnownFileType = sourcecode.c.objc; path = LightStyle.m; sourceTree = "<group>"; };
		BABD1B4DDCC34CB291C66033 /* libPods.a */ = {isa = PBXFileReference; explicitFileType = archive.ar; includeInIndex = 0; path = libPods.a; sourceTree = BUILT_PRODUCTS_DIR; };
		D302E13318B561E100CCD18E /* Preferences.plist */ = {isa = PBXFileReference; fileEncoding = 4; lastKnownFileType = text.plist.xml; path = Preferences.plist; sourceTree = "<group>"; };
		D3091F6118C32961007C8DCD /* Utilities.h */ = {isa = PBXFileReference; fileEncoding = 4; lastKnownFileType = sourcecode.c.h; path = Utilities.h; sourceTree = "<group>"; };
		D3091F6218C32961007C8DCD /* Utilities.m */ = {isa = PBXFileReference; fileEncoding = 4; lastKnownFileType = sourcecode.c.objc; path = Utilities.m; sourceTree = "<group>"; };
		D3091F6418C3D7C4007C8DCD /* SwipeIndicatorView.h */ = {isa = PBXFileReference; fileEncoding = 4; lastKnownFileType = sourcecode.c.h; path = SwipeIndicatorView.h; sourceTree = "<group>"; };
		D3091F6518C3D7C4007C8DCD /* SwipeIndicatorView.m */ = {isa = PBXFileReference; fileEncoding = 4; lastKnownFileType = sourcecode.c.objc; path = SwipeIndicatorView.m; sourceTree = "<group>"; };
		D3091F6718C40FBD007C8DCD /* SwipeAnimation.h */ = {isa = PBXFileReference; fileEncoding = 4; lastKnownFileType = sourcecode.c.h; path = SwipeAnimation.h; sourceTree = "<group>"; };
		D3091F6818C40FBD007C8DCD /* SwipeAnimation.m */ = {isa = PBXFileReference; fileEncoding = 4; lastKnownFileType = sourcecode.c.objc; path = SwipeAnimation.m; sourceTree = "<group>"; };
		D30CA00319383160007B05B2 /* NSApplication+ScriptingProperties.h */ = {isa = PBXFileReference; fileEncoding = 4; lastKnownFileType = sourcecode.c.h; path = "NSApplication+ScriptingProperties.h"; sourceTree = "<group>"; };
		D30CA00419383160007B05B2 /* NSApplication+ScriptingProperties.m */ = {isa = PBXFileReference; fileEncoding = 4; lastKnownFileType = sourcecode.c.objc; path = "NSApplication+ScriptingProperties.m"; sourceTree = "<group>"; };
		D30CA0061938722F007B05B2 /* NSImage+ScriptingDescriptor.h */ = {isa = PBXFileReference; fileEncoding = 4; lastKnownFileType = sourcecode.c.h; path = "NSImage+ScriptingDescriptor.h"; sourceTree = "<group>"; };
		D30CA0071938722F007B05B2 /* NSImage+ScriptingDescriptor.m */ = {isa = PBXFileReference; fileEncoding = 4; lastKnownFileType = sourcecode.c.objc; path = "NSImage+ScriptingDescriptor.m"; sourceTree = "<group>"; };
		D30F57881BDB7B2200929904 /* Sparkle.framework */ = {isa = PBXFileReference; lastKnownFileType = wrapper.framework; name = Sparkle.framework; path = "radiant-player-mac/Frameworks/Sparkle.framework"; sourceTree = "<group>"; };
		D318341518CFBC7400E8F9B1 /* AppearancePreferencesViewController.h */ = {isa = PBXFileReference; fileEncoding = 4; lastKnownFileType = sourcecode.c.h; path = AppearancePreferencesViewController.h; sourceTree = "<group>"; };
		D318341618CFBC7400E8F9B1 /* AppearancePreferencesViewController.m */ = {isa = PBXFileReference; fileEncoding = 4; lastKnownFileType = sourcecode.c.objc; path = AppearancePreferencesViewController.m; sourceTree = "<group>"; };
		D318341918CFC7C500E8F9B1 /* ApplicationStyle.h */ = {isa = PBXFileReference; fileEncoding = 4; lastKnownFileType = sourcecode.c.h; path = ApplicationStyle.h; sourceTree = "<group>"; };
		D318341A18CFC7C500E8F9B1 /* ApplicationStyle.m */ = {isa = PBXFileReference; fileEncoding = 4; lastKnownFileType = sourcecode.c.objc; path = ApplicationStyle.m; sourceTree = "<group>"; };
		D318341F18D0513D00E8F9B1 /* CookieStorage.h */ = {isa = PBXFileReference; fileEncoding = 4; lastKnownFileType = sourcecode.c.h; path = CookieStorage.h; sourceTree = "<group>"; };
		D318342018D0513D00E8F9B1 /* CookieStorage.m */ = {isa = PBXFileReference; fileEncoding = 4; lastKnownFileType = sourcecode.c.objc; path = CookieStorage.m; sourceTree = "<group>"; };
		D31ACE82193ACDC300AC7CB4 /* RatingBadgeButton.h */ = {isa = PBXFileReference; fileEncoding = 4; lastKnownFileType = sourcecode.c.h; path = RatingBadgeButton.h; sourceTree = "<group>"; };
		D31ACE83193ACDC300AC7CB4 /* RatingBadgeButton.m */ = {isa = PBXFileReference; fileEncoding = 4; lastKnownFileType = sourcecode.c.objc; path = RatingBadgeButton.m; sourceTree = "<group>"; };
		D31ACE85193BCD3E00AC7CB4 /* Growl.framework */ = {isa = PBXFileReference; lastKnownFileType = wrapper.framework; name = Growl.framework; path = "radiant-player-mac/Frameworks/Growl.framework"; sourceTree = "<group>"; };
		D31ACE88193BDD0F00AC7CB4 /* NotificationCenter.h */ = {isa = PBXFileReference; fileEncoding = 4; lastKnownFileType = sourcecode.c.h; path = NotificationCenter.h; sourceTree = "<group>"; };
		D31ACE89193BDD0F00AC7CB4 /* NotificationCenter.m */ = {isa = PBXFileReference; fileEncoding = 4; lastKnownFileType = sourcecode.c.objc; path = NotificationCenter.m; sourceTree = "<group>"; };
		D323406818C523BC008C165B /* AboutWindow.h */ = {isa = PBXFileReference; fileEncoding = 4; lastKnownFileType = sourcecode.c.h; path = AboutWindow.h; sourceTree = "<group>"; };
		D323406918C523BC008C165B /* AboutWindow.m */ = {isa = PBXFileReference; fileEncoding = 4; lastKnownFileType = sourcecode.c.objc; path = AboutWindow.m; sourceTree = "<group>"; };
		D326EA6218B2D7E500BEC02F /* css */ = {isa = PBXFileReference; lastKnownFileType = folder; path = css; sourceTree = "<group>"; };
		D326EA6318B2D7E500BEC02F /* js */ = {isa = PBXFileReference; lastKnownFileType = folder; path = js; sourceTree = "<group>"; };
		D328616319234D7900395FEA /* TitleBarTextView.h */ = {isa = PBXFileReference; fileEncoding = 4; lastKnownFileType = sourcecode.c.h; path = TitleBarTextView.h; sourceTree = "<group>"; };
		D328616419234D7900395FEA /* TitleBarTextView.m */ = {isa = PBXFileReference; fileEncoding = 4; lastKnownFileType = sourcecode.c.objc; path = TitleBarTextView.m; sourceTree = "<group>"; };
		D32861661924000800395FEA /* NSDate+UTCString.h */ = {isa = PBXFileReference; fileEncoding = 4; lastKnownFileType = sourcecode.c.h; path = "NSDate+UTCString.h"; sourceTree = "<group>"; };
		D32861671924000800395FEA /* NSDate+UTCString.m */ = {isa = PBXFileReference; fileEncoding = 4; lastKnownFileType = sourcecode.c.objc; path = "NSDate+UTCString.m"; sourceTree = "<group>"; };
		D3286169192414B900395FEA /* NSHTTPCookie+Coding.h */ = {isa = PBXFileReference; fileEncoding = 4; lastKnownFileType = sourcecode.c.h; path = "NSHTTPCookie+Coding.h"; sourceTree = "<group>"; };
		D328616A192414B900395FEA /* NSHTTPCookie+Coding.m */ = {isa = PBXFileReference; fileEncoding = 4; lastKnownFileType = sourcecode.c.objc; path = "NSHTTPCookie+Coding.m"; sourceTree = "<group>"; };
		D328616E1924744200395FEA /* NSHTTPCookieStorage+Swizzle.h */ = {isa = PBXFileReference; fileEncoding = 4; lastKnownFileType = sourcecode.c.h; path = "NSHTTPCookieStorage+Swizzle.h"; sourceTree = "<group>"; };
		D328616F1924744200395FEA /* NSHTTPCookieStorage+Swizzle.m */ = {isa = PBXFileReference; fileEncoding = 4; lastKnownFileType = sourcecode.c.objc; path = "NSHTTPCookieStorage+Swizzle.m"; sourceTree = "<group>"; };
		D32CCEF818BE039E00BDD484 /* PopupPanel.h */ = {isa = PBXFileReference; fileEncoding = 4; lastKnownFileType = sourcecode.c.h; path = PopupPanel.h; sourceTree = "<group>"; };
		D32CCEF918BE039E00BDD484 /* PopupPanel.m */ = {isa = PBXFileReference; fileEncoding = 4; lastKnownFileType = sourcecode.c.objc; path = PopupPanel.m; sourceTree = "<group>"; };
		D32CCEFB18BE9BF800BDD484 /* PopupView.h */ = {isa = PBXFileReference; fileEncoding = 4; lastKnownFileType = sourcecode.c.h; path = PopupView.h; sourceTree = "<group>"; };
		D32CCEFC18BE9BF800BDD484 /* PopupView.m */ = {isa = PBXFileReference; fileEncoding = 4; lastKnownFileType = sourcecode.c.objc; path = PopupView.m; sourceTree = "<group>"; };
		D343CDF318C69DF4002F9DB3 /* NavigationPreferencesViewController.h */ = {isa = PBXFileReference; fileEncoding = 4; lastKnownFileType = sourcecode.c.h; path = NavigationPreferencesViewController.h; sourceTree = "<group>"; };
		D343CDF418C69DF4002F9DB3 /* NavigationPreferencesViewController.m */ = {isa = PBXFileReference; fileEncoding = 4; lastKnownFileType = sourcecode.c.objc; path = NavigationPreferencesViewController.m; sourceTree = "<group>"; };
		D346173319D907F300017023 /* SpotifyBlackVibrantStyle.h */ = {isa = PBXFileReference; fileEncoding = 4; lastKnownFileType = sourcecode.c.h; path = SpotifyBlackVibrantStyle.h; sourceTree = "<group>"; };
		D346173419D907F300017023 /* SpotifyBlackVibrantStyle.m */ = {isa = PBXFileReference; fileEncoding = 4; lastKnownFileType = sourcecode.c.objc; path = SpotifyBlackVibrantStyle.m; sourceTree = "<group>"; };
		D34DC2BA18C295A700C27596 /* LastFmService.h */ = {isa = PBXFileReference; fileEncoding = 4; lastKnownFileType = sourcecode.c.h; path = LastFmService.h; sourceTree = "<group>"; };
		D34DC2BB18C295A700C27596 /* LastFmService.m */ = {isa = PBXFileReference; fileEncoding = 4; lastKnownFileType = sourcecode.c.objc; path = LastFmService.m; sourceTree = "<group>"; };
		D35788BB18C2F820006AF859 /* GeneralPreferencesViewController.h */ = {isa = PBXFileReference; fileEncoding = 4; lastKnownFileType = sourcecode.c.h; path = GeneralPreferencesViewController.h; sourceTree = "<group>"; };
		D35788BC18C2F820006AF859 /* GeneralPreferencesViewController.m */ = {isa = PBXFileReference; fileEncoding = 4; lastKnownFileType = sourcecode.c.objc; path = GeneralPreferencesViewController.m; sourceTree = "<group>"; };
		D35F2E8A1A3D9C2F0072E461 /* Swizzle.h */ = {isa = PBXFileReference; lastKnownFileType = sourcecode.c.h; path = Swizzle.h; sourceTree = "<group>"; };
		D35F2E8B1A3D9D130072E461 /* Swizzle.c */ = {isa = PBXFileReference; fileEncoding = 4; lastKnownFileType = sourcecode.c.c; path = Swizzle.c; sourceTree = "<group>"; };
		D362D5401924D17B00FC0C56 /* PrivacyPreferencesViewController.h */ = {isa = PBXFileReference; fileEncoding = 4; lastKnownFileType = sourcecode.c.h; path = PrivacyPreferencesViewController.h; sourceTree = "<group>"; };
		D362D5411924D17B00FC0C56 /* PrivacyPreferencesViewController.m */ = {isa = PBXFileReference; fileEncoding = 4; lastKnownFileType = sourcecode.c.objc; path = PrivacyPreferencesViewController.m; sourceTree = "<group>"; };
		D369FEFD18E3FB6B004CB1C6 /* icon.icns */ = {isa = PBXFileReference; lastKnownFileType = image.icns; path = icon.icns; sourceTree = "<group>"; };
		D36F50631A3D874E000541C9 /* VisualEffectView.h */ = {isa = PBXFileReference; fileEncoding = 4; lastKnownFileType = sourcecode.c.h; path = VisualEffectView.h; sourceTree = "<group>"; };
		D36F50641A3D874E000541C9 /* VisualEffectView.m */ = {isa = PBXFileReference; fileEncoding = 4; lastKnownFileType = sourcecode.c.objc; path = VisualEffectView.m; sourceTree = "<group>"; };
		D370E8DF18E21ABC007B5450 /* QuartzCore.framework */ = {isa = PBXFileReference; lastKnownFileType = wrapper.framework; name = QuartzCore.framework; path = System/Library/Frameworks/QuartzCore.framework; sourceTree = SDKROOT; };
		D370E8E118E2BFE1007B5450 /* ExpandHoverView.h */ = {isa = PBXFileReference; fileEncoding = 4; lastKnownFileType = sourcecode.c.h; path = ExpandHoverView.h; sourceTree = "<group>"; };
		D370E8E218E2BFE1007B5450 /* ExpandHoverView.m */ = {isa = PBXFileReference; fileEncoding = 4; lastKnownFileType = sourcecode.c.objc; path = ExpandHoverView.m; sourceTree = "<group>"; };
		D377DB591B0A6F5900026312 /* JSURLProtocol.h */ = {isa = PBXFileReference; fileEncoding = 4; lastKnownFileType = sourcecode.c.h; path = JSURLProtocol.h; sourceTree = "<group>"; };
		D377DB5A1B0A6F5900026312 /* JSURLProtocol.m */ = {isa = PBXFileReference; fileEncoding = 4; lastKnownFileType = sourcecode.c.objc; path = JSURLProtocol.m; sourceTree = "<group>"; };
		D37A5FCA1BDBEA6A0027FBD4 /* radiant-player-mac-dsa-pub.pem */ = {isa = PBXFileReference; fileEncoding = 4; lastKnownFileType = text; path = "radiant-player-mac-dsa-pub.pem"; sourceTree = "<group>"; };
		D37B638218ED315B0098F9DC /* LastFm+TrackInfo.h */ = {isa = PBXFileReference; fileEncoding = 4; lastKnownFileType = sourcecode.c.h; path = "LastFm+TrackInfo.h"; sourceTree = "<group>"; };
		D37B638318ED315B0098F9DC /* LastFm+TrackInfo.m */ = {isa = PBXFileReference; fileEncoding = 4; lastKnownFileType = sourcecode.c.objc; path = "LastFm+TrackInfo.m"; sourceTree = "<group>"; };
		D37B638518F1E7680098F9DC /* SpriteDownloadURLProtocol.h */ = {isa = PBXFileReference; fileEncoding = 4; lastKnownFileType = sourcecode.c.h; path = SpriteDownloadURLProtocol.h; sourceTree = "<group>"; };
		D37B638618F1E7680098F9DC /* SpriteDownloadURLProtocol.m */ = {isa = PBXFileReference; fileEncoding = 4; lastKnownFileType = sourcecode.c.objc; path = SpriteDownloadURLProtocol.m; sourceTree = "<group>"; };
		D37B638818F1EFD30098F9DC /* InvertedSpriteURLProtocol.h */ = {isa = PBXFileReference; fileEncoding = 4; lastKnownFileType = sourcecode.c.h; path = InvertedSpriteURLProtocol.h; sourceTree = "<group>"; };
		D37B638918F1EFD30098F9DC /* InvertedSpriteURLProtocol.m */ = {isa = PBXFileReference; fileEncoding = 4; lastKnownFileType = sourcecode.c.objc; path = InvertedSpriteURLProtocol.m; sourceTree = "<group>"; };
		D37C9284195DFE870035709A /* YosemiteStyle.h */ = {isa = PBXFileReference; fileEncoding = 4; lastKnownFileType = sourcecode.c.h; path = YosemiteStyle.h; sourceTree = "<group>"; };
		D37C9285195DFE870035709A /* YosemiteStyle.m */ = {isa = PBXFileReference; fileEncoding = 4; lastKnownFileType = sourcecode.c.objc; path = YosemiteStyle.m; sourceTree = "<group>"; };
		D37C9287195E19BD0035709A /* NSImage+Data.h */ = {isa = PBXFileReference; fileEncoding = 4; lastKnownFileType = sourcecode.c.h; path = "NSImage+Data.h"; sourceTree = "<group>"; };
		D37C9288195E19BD0035709A /* NSImage+Data.m */ = {isa = PBXFileReference; fileEncoding = 4; lastKnownFileType = sourcecode.c.objc; path = "NSImage+Data.m"; sourceTree = "<group>"; };
		D37C928A195E3B3F0035709A /* SpotifyBlackStyle.h */ = {isa = PBXFileReference; fileEncoding = 4; lastKnownFileType = sourcecode.c.h; path = SpotifyBlackStyle.h; sourceTree = "<group>"; };
		D37C928B195E3B3F0035709A /* SpotifyBlackStyle.m */ = {isa = PBXFileReference; fileEncoding = 4; lastKnownFileType = sourcecode.c.objc; path = SpotifyBlackStyle.m; sourceTree = "<group>"; };
		D3B1668118BB0E43003FCE6B /* DummyWebViewPolicyDelegate.h */ = {isa = PBXFileReference; fileEncoding = 4; lastKnownFileType = sourcecode.c.h; path = DummyWebViewPolicyDelegate.h; sourceTree = "<group>"; };
		D3B1668218BB0E43003FCE6B /* DummyWebViewPolicyDelegate.m */ = {isa = PBXFileReference; fileEncoding = 4; lastKnownFileType = sourcecode.c.objc; path = DummyWebViewPolicyDelegate.m; sourceTree = "<group>"; };
		D3B4C0C218DAB4740069AB18 /* JavaScriptCore.framework */ = {isa = PBXFileReference; lastKnownFileType = wrapper.framework; name = JavaScriptCore.framework; path = System/Library/Frameworks/JavaScriptCore.framework; sourceTree = SDKROOT; };
		D3B71C2618C2D5240041358B /* PreferencesWindowController.h */ = {isa = PBXFileReference; fileEncoding = 4; lastKnownFileType = sourcecode.c.h; path = PreferencesWindowController.h; sourceTree = "<group>"; };
		D3B71C2718C2D5240041358B /* PreferencesWindowController.m */ = {isa = PBXFileReference; fileEncoding = 4; lastKnownFileType = sourcecode.c.objc; path = PreferencesWindowController.m; sourceTree = "<group>"; };
		D3B71C2C18C2D5770041358B /* LastFmPreferencesViewController.h */ = {isa = PBXFileReference; fileEncoding = 4; lastKnownFileType = sourcecode.c.h; path = LastFmPreferencesViewController.h; sourceTree = "<group>"; };
		D3B71C2D18C2D5770041358B /* LastFmPreferencesViewController.m */ = {isa = PBXFileReference; fileEncoding = 4; lastKnownFileType = sourcecode.c.objc; path = LastFmPreferencesViewController.m; sourceTree = "<group>"; };
		D3B71C3718C2F0F20041358B /* PreferencesWindowController.xib */ = {isa = PBXFileReference; fileEncoding = 4; lastKnownFileType = file.xib; path = PreferencesWindowController.xib; sourceTree = "<group>"; };
		D3CD9C3A18F25E0E002FBEE9 /* ImageURLProtocol.h */ = {isa = PBXFileReference; fileEncoding = 4; lastKnownFileType = sourcecode.c.h; path = ImageURLProtocol.h; sourceTree = "<group>"; };
		D3CD9C3B18F25E0E002FBEE9 /* ImageURLProtocol.m */ = {isa = PBXFileReference; fileEncoding = 4; lastKnownFileType = sourcecode.c.objc; path = ImageURLProtocol.m; sourceTree = "<group>"; };
		D3D4C3E418E76063007238B3 /* LastFmPopover.xib */ = {isa = PBXFileReference; fileEncoding = 4; lastKnownFileType = file.xib; path = LastFmPopover.xib; sourceTree = "<group>"; };
		D3D4C3E618E76674007238B3 /* LastFmPopover.h */ = {isa = PBXFileReference; fileEncoding = 4; lastKnownFileType = sourcecode.c.h; path = LastFmPopover.h; sourceTree = "<group>"; };
		D3D4C3E718E76674007238B3 /* LastFmPopover.m */ = {isa = PBXFileReference; fileEncoding = 4; lastKnownFileType = sourcecode.c.objc; path = LastFmPopover.m; sourceTree = "<group>"; };
		D3D4C3E918E77AA0007238B3 /* LastFmTrackTableCellView.h */ = {isa = PBXFileReference; fileEncoding = 4; lastKnownFileType = sourcecode.c.h; path = LastFmTrackTableCellView.h; sourceTree = "<group>"; };
		D3D4C3EA18E77AA0007238B3 /* LastFmTrackTableCellView.m */ = {isa = PBXFileReference; fileEncoding = 4; lastKnownFileType = sourcecode.c.objc; path = LastFmTrackTableCellView.m; sourceTree = "<group>"; };
		D3DB8FEF18BD253A00ABE93B /* images */ = {isa = PBXFileReference; lastKnownFileType = folder; path = images; sourceTree = "<group>"; };
		D3DB8FF118BD27B700ABE93B /* PlaybackConstants.h */ = {isa = PBXFileReference; fileEncoding = 4; lastKnownFileType = sourcecode.c.h; path = PlaybackConstants.h; sourceTree = "<group>"; };
		D3DB8FF418BD2AEC00ABE93B /* PlaybackConstants.m */ = {isa = PBXFileReference; fileEncoding = 4; lastKnownFileType = sourcecode.c.objc; path = PlaybackConstants.m; sourceTree = "<group>"; };
		D3DB8FF618BD6A6400ABE93B /* PlaybackSliderCell.h */ = {isa = PBXFileReference; fileEncoding = 4; lastKnownFileType = sourcecode.c.h; path = PlaybackSliderCell.h; sourceTree = "<group>"; };
		D3DB8FF718BD6A6400ABE93B /* PlaybackSliderCell.m */ = {isa = PBXFileReference; fileEncoding = 4; lastKnownFileType = sourcecode.c.objc; path = PlaybackSliderCell.m; sourceTree = "<group>"; };
		D3DF18161A99A581002AEE64 /* GoogleStyle.h */ = {isa = PBXFileReference; fileEncoding = 4; lastKnownFileType = sourcecode.c.h; path = GoogleStyle.h; sourceTree = "<group>"; };
		D3DF18171A99A581002AEE64 /* GoogleStyle.m */ = {isa = PBXFileReference; fileEncoding = 4; lastKnownFileType = sourcecode.c.objc; path = GoogleStyle.m; sourceTree = "<group>"; };
		D3F14A4718F357AA007D4536 /* AdvancedPreferencesViewController.h */ = {isa = PBXFileReference; fileEncoding = 4; lastKnownFileType = sourcecode.c.h; path = AdvancedPreferencesViewController.h; sourceTree = "<group>"; };
		D3F14A4818F357AA007D4536 /* AdvancedPreferencesViewController.m */ = {isa = PBXFileReference; fileEncoding = 4; lastKnownFileType = sourcecode.c.objc; path = AdvancedPreferencesViewController.m; sourceTree = "<group>"; };
		D3FAC6D218BA81EC00D9F461 /* PopupStatusView.h */ = {isa = PBXFileReference; fileEncoding = 4; lastKnownFileType = sourcecode.c.h; path = PopupStatusView.h; sourceTree = "<group>"; };
		D3FAC6D318BA81EC00D9F461 /* PopupStatusView.m */ = {isa = PBXFileReference; fileEncoding = 4; lastKnownFileType = sourcecode.c.objc; path = PopupStatusView.m; sourceTree = "<group>"; };
		D3FAC6D518BA942500D9F461 /* PopupViewDelegate.h */ = {isa = PBXFileReference; fileEncoding = 4; lastKnownFileType = sourcecode.c.h; path = PopupViewDelegate.h; sourceTree = "<group>"; };
		D3FAC6D618BA942500D9F461 /* PopupViewDelegate.m */ = {isa = PBXFileReference; fileEncoding = 4; lastKnownFileType = sourcecode.c.objc; path = PopupViewDelegate.m; sourceTree = "<group>"; };
		FF76BDFD1C05083D0004D31A /* DarkCyanStyle.h */ = {isa = PBXFileReference; fileEncoding = 4; lastKnownFileType = sourcecode.c.h; path = DarkCyanStyle.h; sourceTree = "<group>"; };
		FF76BDFE1C05083D0004D31A /* DarkCyanStyle.m */ = {isa = PBXFileReference; fileEncoding = 4; lastKnownFileType = sourcecode.c.objc; path = DarkCyanStyle.m; sourceTree = "<group>"; };
/* End PBXFileReference section */

/* Begin PBXFrameworksBuildPhase section */
		1A7B683917453E40001E509E /* Frameworks */ = {
			isa = PBXFrameworksBuildPhase;
			buildActionMask = 2147483647;
			files = (
				D31ACE86193BCD3E00AC7CB4 /* Growl.framework in Frameworks */,
				D370E8E018E21ABC007B5450 /* QuartzCore.framework in Frameworks */,
				D3B4C0C318DAB4740069AB18 /* JavaScriptCore.framework in Frameworks */,
				D30F57891BDB7B2200929904 /* Sparkle.framework in Frameworks */,
				1A7B687417453E4C001E509E /* WebKit.framework in Frameworks */,
				1A7B684017453E40001E509E /* Cocoa.framework in Frameworks */,
				38D0C36DAD0F40F5A7254224 /* libPods.a in Frameworks */,
			);
			runOnlyForDeploymentPostprocessing = 0;
		};
/* End PBXFrameworksBuildPhase section */

/* Begin PBXGroup section */
		1A7B683317453E40001E509E = {
			isa = PBXGroup;
			children = (
				D369FEFD18E3FB6B004CB1C6 /* icon.icns */,
				1A7B684517453E40001E509E /* radiant-player-mac */,
				1A7B683E17453E40001E509E /* Frameworks */,
				D37A5FC91BDBEA2C0027FBD4 /* Resources */,
				1A7B683D17453E40001E509E /* Products */,
				A32790DC482A48E18B516D0B /* Pods.xcconfig */,
			);
			sourceTree = "<group>";
		};
		1A7B683D17453E40001E509E /* Products */ = {
			isa = PBXGroup;
			children = (
				1A7B683C17453E40001E509E /* Radiant Player.app */,
			);
			name = Products;
			sourceTree = "<group>";
		};
		1A7B683E17453E40001E509E /* Frameworks */ = {
			isa = PBXGroup;
			children = (
				D30F57881BDB7B2200929904 /* Sparkle.framework */,
				D31ACE85193BCD3E00AC7CB4 /* Growl.framework */,
				D370E8DF18E21ABC007B5450 /* QuartzCore.framework */,
				D3B4C0C218DAB4740069AB18 /* JavaScriptCore.framework */,
				1A7B687317453E4C001E509E /* WebKit.framework */,
				1A7B683F17453E40001E509E /* Cocoa.framework */,
				1A7B684117453E40001E509E /* Other Frameworks */,
				BABD1B4DDCC34CB291C66033 /* libPods.a */,
			);
			name = Frameworks;
			sourceTree = "<group>";
		};
		1A7B684117453E40001E509E /* Other Frameworks */ = {
			isa = PBXGroup;
			children = (
				1A7B684217453E40001E509E /* AppKit.framework */,
				1A7B684317453E40001E509E /* CoreData.framework */,
				1A7B684417453E40001E509E /* Foundation.framework */,
			);
			name = "Other Frameworks";
			sourceTree = "<group>";
		};
		1A7B684517453E40001E509E /* radiant-player-mac */ = {
			isa = PBXGroup;
			children = (
				D36F50621A3D871D000541C9 /* Support */,
				D31ACE87193BDC9700AC7CB4 /* Notifications */,
				D3D4C3E318E75C79007238B3 /* LastFm */,
				2B8FC1BB18C9C01E006D04FF /* AppleScript */,
				D3B71C2318C2C3510041358B /* Preferences */,
				D32CCEFE18BED65B00BDD484 /* Popup */,
				D318341818CFC73500E8F9B1 /* Styles */,
				D32CCEFF18BED6C200BDD484 /* WebView */,
				D3DB8FEF18BD253A00ABE93B /* images */,
				D326EA6218B2D7E500BEC02F /* css */,
				D326EA6318B2D7E500BEC02F /* js */,
				D323406818C523BC008C165B /* AboutWindow.h */,
				D323406918C523BC008C165B /* AboutWindow.m */,
				1A7B685117453E40001E509E /* AppDelegate.h */,
				1A7B685217453E40001E509E /* AppDelegate.m */,
				1A7B685417453E40001E509E /* MainMenu.xib */,
				D32861661924000800395FEA /* NSDate+UTCString.h */,
				D32861671924000800395FEA /* NSDate+UTCString.m */,
				D37C9287195E19BD0035709A /* NSImage+Data.h */,
				D37C9288195E19BD0035709A /* NSImage+Data.m */,
				D3DB8FF118BD27B700ABE93B /* PlaybackConstants.h */,
				D3DB8FF418BD2AEC00ABE93B /* PlaybackConstants.m */,
				D3091F6118C32961007C8DCD /* Utilities.h */,
				D3091F6218C32961007C8DCD /* Utilities.m */,
				1A7B684617453E40001E509E /* Supporting Files */,
			);
			path = "radiant-player-mac";
			sourceTree = "<group>";
		};
		1A7B684617453E40001E509E /* Supporting Files */ = {
			isa = PBXGroup;
			children = (
				1A7B684717453E40001E509E /* info.plist */,
				1A7B684817453E40001E509E /* InfoPlist.strings */,
				1A7B684B17453E40001E509E /* main.m */,
				1A7B684D17453E40001E509E /* prefix.pch */,
				1A7B684E17453E40001E509E /* Credits.rtf */,
				D302E13318B561E100CCD18E /* Preferences.plist */,
			);
			name = "Supporting Files";
			sourceTree = "<group>";
		};
		2B8FC1BB18C9C01E006D04FF /* AppleScript */ = {
			isa = PBXGroup;
			children = (
				2B8FC1BF18C9CB0E006D04FF /* radiant-player-mac.sdef */,
				2B8FC1C118C9CB16006D04FF /* RadiantPlayerScriptCommand.h */,
				2B8FC1C218C9CB16006D04FF /* RadiantPlayerScriptCommand.m */,
				D30CA00319383160007B05B2 /* NSApplication+ScriptingProperties.h */,
				D30CA00419383160007B05B2 /* NSApplication+ScriptingProperties.m */,
				D30CA0061938722F007B05B2 /* NSImage+ScriptingDescriptor.h */,
				D30CA0071938722F007B05B2 /* NSImage+ScriptingDescriptor.m */,
			);
			path = AppleScript;
			sourceTree = "<group>";
		};
		D318341818CFC73500E8F9B1 /* Styles */ = {
			isa = PBXGroup;
			children = (
				FF76BDFD1C05083D0004D31A /* DarkCyanStyle.h */,
				FF76BDFE1C05083D0004D31A /* DarkCyanStyle.m */,
				D318341918CFC7C500E8F9B1 /* ApplicationStyle.h */,
				D318341A18CFC7C500E8F9B1 /* ApplicationStyle.m */,
				B0BB948719F76CF80081C97D /* LightStyle.h */,
				B0BB948819F76CFD0081C97D /* LightStyle.m */,
				D3DF18161A99A581002AEE64 /* GoogleStyle.h */,
				D3DF18171A99A581002AEE64 /* GoogleStyle.m */,
				D37C928A195E3B3F0035709A /* SpotifyBlackStyle.h */,
				D37C928B195E3B3F0035709A /* SpotifyBlackStyle.m */,
				D346173319D907F300017023 /* SpotifyBlackVibrantStyle.h */,
				D346173419D907F300017023 /* SpotifyBlackVibrantStyle.m */,
				D37C9284195DFE870035709A /* YosemiteStyle.h */,
				D37C9285195DFE870035709A /* YosemiteStyle.m */,
			);
			path = Styles;
			sourceTree = "<group>";
		};
		D31ACE87193BDC9700AC7CB4 /* Notifications */ = {
			isa = PBXGroup;
			children = (
				D31ACE88193BDD0F00AC7CB4 /* NotificationCenter.h */,
				D31ACE89193BDD0F00AC7CB4 /* NotificationCenter.m */,
			);
			path = Notifications;
			sourceTree = "<group>";
		};
		D32CCEFE18BED65B00BDD484 /* Popup */ = {
			isa = PBXGroup;
			children = (
				D370E8E118E2BFE1007B5450 /* ExpandHoverView.h */,
				D370E8E218E2BFE1007B5450 /* ExpandHoverView.m */,
				D3DB8FF618BD6A6400ABE93B /* PlaybackSliderCell.h */,
				D3DB8FF718BD6A6400ABE93B /* PlaybackSliderCell.m */,
				D3FAC6D218BA81EC00D9F461 /* PopupStatusView.h */,
				D3FAC6D318BA81EC00D9F461 /* PopupStatusView.m */,
				D3FAC6D518BA942500D9F461 /* PopupViewDelegate.h */,
				D3FAC6D618BA942500D9F461 /* PopupViewDelegate.m */,
				D32CCEF818BE039E00BDD484 /* PopupPanel.h */,
				D32CCEF918BE039E00BDD484 /* PopupPanel.m */,
				D32CCEFB18BE9BF800BDD484 /* PopupView.h */,
				D32CCEFC18BE9BF800BDD484 /* PopupView.m */,
				D31ACE82193ACDC300AC7CB4 /* RatingBadgeButton.h */,
				D31ACE83193ACDC300AC7CB4 /* RatingBadgeButton.m */,
			);
			path = Popup;
			sourceTree = "<group>";
		};
		D32CCEFF18BED6C200BDD484 /* WebView */ = {
			isa = PBXGroup;
			children = (
				D318341F18D0513D00E8F9B1 /* CookieStorage.h */,
				D318342018D0513D00E8F9B1 /* CookieStorage.m */,
				1A68DAD61803B588004CBA25 /* CustomWebView.h */,
				1A68DAD71803B588004CBA25 /* CustomWebView.m */,
				D3B1668118BB0E43003FCE6B /* DummyWebViewPolicyDelegate.h */,
				D3B1668218BB0E43003FCE6B /* DummyWebViewPolicyDelegate.m */,
				D3091F6418C3D7C4007C8DCD /* SwipeIndicatorView.h */,
				D3091F6518C3D7C4007C8DCD /* SwipeIndicatorView.m */,
				D3091F6718C40FBD007C8DCD /* SwipeAnimation.h */,
				D3091F6818C40FBD007C8DCD /* SwipeAnimation.m */,
				D37B638518F1E7680098F9DC /* SpriteDownloadURLProtocol.h */,
				D37B638618F1E7680098F9DC /* SpriteDownloadURLProtocol.m */,
				D37B638818F1EFD30098F9DC /* InvertedSpriteURLProtocol.h */,
				D37B638918F1EFD30098F9DC /* InvertedSpriteURLProtocol.m */,
				D3CD9C3A18F25E0E002FBEE9 /* ImageURLProtocol.h */,
				D3CD9C3B18F25E0E002FBEE9 /* ImageURLProtocol.m */,
				D377DB591B0A6F5900026312 /* JSURLProtocol.h */,
				D377DB5A1B0A6F5900026312 /* JSURLProtocol.m */,
				D3286169192414B900395FEA /* NSHTTPCookie+Coding.h */,
				D328616A192414B900395FEA /* NSHTTPCookie+Coding.m */,
				D328616E1924744200395FEA /* NSHTTPCookieStorage+Swizzle.h */,
				D328616F1924744200395FEA /* NSHTTPCookieStorage+Swizzle.m */,
			);
			path = WebView;
			sourceTree = "<group>";
		};
		D36F50621A3D871D000541C9 /* Support */ = {
			isa = PBXGroup;
			children = (
				D328616319234D7900395FEA /* TitleBarTextView.h */,
				D328616419234D7900395FEA /* TitleBarTextView.m */,
				D36F50631A3D874E000541C9 /* VisualEffectView.h */,
				D36F50641A3D874E000541C9 /* VisualEffectView.m */,
				D35F2E8A1A3D9C2F0072E461 /* Swizzle.h */,
				D35F2E8B1A3D9D130072E461 /* Swizzle.c */,
			);
			path = Support;
			sourceTree = "<group>";
		};
		D37A5FC91BDBEA2C0027FBD4 /* Resources */ = {
			isa = PBXGroup;
			children = (
				D37A5FCA1BDBEA6A0027FBD4 /* radiant-player-mac-dsa-pub.pem */,
			);
			name = Resources;
			path = "radiant-player-mac/Resources";
			sourceTree = "<group>";
		};
		D3B71C2318C2C3510041358B /* Preferences */ = {
			isa = PBXGroup;
			children = (
				D3F14A4718F357AA007D4536 /* AdvancedPreferencesViewController.h */,
				D3F14A4818F357AA007D4536 /* AdvancedPreferencesViewController.m */,
				D3B71C2618C2D5240041358B /* PreferencesWindowController.h */,
				D3B71C2718C2D5240041358B /* PreferencesWindowController.m */,
				D3B71C3718C2F0F20041358B /* PreferencesWindowController.xib */,
				D318341518CFBC7400E8F9B1 /* AppearancePreferencesViewController.h */,
				D318341618CFBC7400E8F9B1 /* AppearancePreferencesViewController.m */,
				D3B71C2C18C2D5770041358B /* LastFmPreferencesViewController.h */,
				D3B71C2D18C2D5770041358B /* LastFmPreferencesViewController.m */,
				D35788BB18C2F820006AF859 /* GeneralPreferencesViewController.h */,
				D35788BC18C2F820006AF859 /* GeneralPreferencesViewController.m */,
				D343CDF318C69DF4002F9DB3 /* NavigationPreferencesViewController.h */,
				D343CDF418C69DF4002F9DB3 /* NavigationPreferencesViewController.m */,
				D362D5401924D17B00FC0C56 /* PrivacyPreferencesViewController.h */,
				D362D5411924D17B00FC0C56 /* PrivacyPreferencesViewController.m */,
			);
			path = Preferences;
			sourceTree = "<group>";
		};
		D3D4C3E318E75C79007238B3 /* LastFm */ = {
			isa = PBXGroup;
			children = (
				D34DC2BA18C295A700C27596 /* LastFmService.h */,
				D34DC2BB18C295A700C27596 /* LastFmService.m */,
				D3D4C3E618E76674007238B3 /* LastFmPopover.h */,
				D3D4C3E718E76674007238B3 /* LastFmPopover.m */,
				D3D4C3E418E76063007238B3 /* LastFmPopover.xib */,
				D3D4C3E918E77AA0007238B3 /* LastFmTrackTableCellView.h */,
				D3D4C3EA18E77AA0007238B3 /* LastFmTrackTableCellView.m */,
				D37B638218ED315B0098F9DC /* LastFm+TrackInfo.h */,
				D37B638318ED315B0098F9DC /* LastFm+TrackInfo.m */,
			);
			path = LastFm;
			sourceTree = "<group>";
		};
/* End PBXGroup section */

/* Begin PBXNativeTarget section */
		1A7B683B17453E40001E509E /* Radiant Player */ = {
			isa = PBXNativeTarget;
			buildConfigurationList = 1A7B686D17453E40001E509E /* Build configuration list for PBXNativeTarget "Radiant Player" */;
			buildPhases = (
				7A2071DB33B24D5B85C39505 /* Check Pods Manifest.lock */,
				1A7B683817453E40001E509E /* Sources */,
				1A7B683917453E40001E509E /* Frameworks */,
				1A7B683A17453E40001E509E /* Resources */,
				D0B126C78BE34593B5FE493C /* Copy Pods Resources */,
				D31ACE8C193BE38900AC7CB4 /* Copy Frameworks */,
				D37A5FCC1BDBEAE90027FBD4 /* Copy DSA Public Key */,
			);
			buildRules = (
			);
			dependencies = (
			);
			name = "Radiant Player";
			productName = GoogleMusic;
			productReference = 1A7B683C17453E40001E509E /* Radiant Player.app */;
			productType = "com.apple.product-type.application";
		};
/* End PBXNativeTarget section */

/* Begin PBXProject section */
		1A7B683417453E40001E509E /* Project object */ = {
			isa = PBXProject;
			attributes = {
				LastUpgradeCheck = 0610;
				ORGANIZATIONNAME = "Sajid Anwar";
				TargetAttributes = {
					1A7B683B17453E40001E509E = {
						DevelopmentTeam = EEYCECM4QA;
					};
				};
			};
			buildConfigurationList = 1A7B683717453E40001E509E /* Build configuration list for PBXProject "radiant-player-mac" */;
			compatibilityVersion = "Xcode 3.2";
			developmentRegion = English;
			hasScannedForEncodings = 0;
			knownRegions = (
				en,
			);
			mainGroup = 1A7B683317453E40001E509E;
			productRefGroup = 1A7B683D17453E40001E509E /* Products */;
			projectDirPath = "";
			projectRoot = "";
			targets = (
				1A7B683B17453E40001E509E /* Radiant Player */,
			);
		};
/* End PBXProject section */

/* Begin PBXResourcesBuildPhase section */
		1A7B683A17453E40001E509E /* Resources */ = {
			isa = PBXResourcesBuildPhase;
			buildActionMask = 2147483647;
			files = (
				D326EA6418B2D7E500BEC02F /* css in Resources */,
				D3D4C3E518E76063007238B3 /* LastFmPopover.xib in Resources */,
				D326EA6518B2D7E500BEC02F /* js in Resources */,
				2B8FC1C018C9CB0E006D04FF /* radiant-player-mac.sdef in Resources */,
				D302E13418B561E100CCD18E /* Preferences.plist in Resources */,
				1A7B684A17453E40001E509E /* InfoPlist.strings in Resources */,
				D369FEFE18E3FB6B004CB1C6 /* icon.icns in Resources */,
				D3DB8FF018BD253A00ABE93B /* images in Resources */,
				1A7B685017453E40001E509E /* Credits.rtf in Resources */,
				1A7B685617453E40001E509E /* MainMenu.xib in Resources */,
				D37A5FCB1BDBEA6A0027FBD4 /* radiant-player-mac-dsa-pub.pem in Resources */,
				D3B71C3818C2F0F20041358B /* PreferencesWindowController.xib in Resources */,
			);
			runOnlyForDeploymentPostprocessing = 0;
		};
/* End PBXResourcesBuildPhase section */

/* Begin PBXShellScriptBuildPhase section */
		7A2071DB33B24D5B85C39505 /* Check Pods Manifest.lock */ = {
			isa = PBXShellScriptBuildPhase;
			buildActionMask = 2147483647;
			files = (
			);
			inputPaths = (
			);
			name = "Check Pods Manifest.lock";
			outputPaths = (
			);
			runOnlyForDeploymentPostprocessing = 0;
			shellPath = /bin/sh;
			shellScript = "diff \"${PODS_ROOT}/../Podfile.lock\" \"${PODS_ROOT}/Manifest.lock\" > /dev/null\nif [[ $? != 0 ]] ; then\n    cat << EOM\nerror: The sandbox is not in sync with the Podfile.lock. Run 'pod install' or update your CocoaPods installation.\nEOM\n    exit 1\nfi\n";
			showEnvVarsInLog = 0;
		};
		D0B126C78BE34593B5FE493C /* Copy Pods Resources */ = {
			isa = PBXShellScriptBuildPhase;
			buildActionMask = 2147483647;
			files = (
			);
			inputPaths = (
			);
			name = "Copy Pods Resources";
			outputPaths = (
			);
			runOnlyForDeploymentPostprocessing = 0;
			shellPath = /bin/sh;
			shellScript = "\"${SRCROOT}/Pods/Pods-resources.sh\"\n";
			showEnvVarsInLog = 0;
		};
/* End PBXShellScriptBuildPhase section */

/* Begin PBXSourcesBuildPhase section */
		1A7B683817453E40001E509E /* Sources */ = {
			isa = PBXSourcesBuildPhase;
			buildActionMask = 2147483647;
			files = (
				D34DC2BC18C295A700C27596 /* LastFmService.m in Sources */,
				D3B1668318BB0E43003FCE6B /* DummyWebViewPolicyDelegate.m in Sources */,
				D3CD9C3C18F25E0E002FBEE9 /* ImageURLProtocol.m in Sources */,
				1A68DAD81803B588004CBA25 /* CustomWebView.m in Sources */,
				D318342118D0513D00E8F9B1 /* CookieStorage.m in Sources */,
				D318341B18CFC7C500E8F9B1 /* ApplicationStyle.m in Sources */,
				2B8FC1C318C9CB16006D04FF /* RadiantPlayerScriptCommand.m in Sources */,
				D3B71C2F18C2D5770041358B /* LastFmPreferencesViewController.m in Sources */,
				D30CA00519383160007B05B2 /* NSApplication+ScriptingProperties.m in Sources */,
				1A7B684C17453E40001E509E /* main.m in Sources */,
				D37B638A18F1EFD30098F9DC /* InvertedSpriteURLProtocol.m in Sources */,
				D35F2E8C1A3D9D130072E461 /* Swizzle.c in Sources */,
				D3DB8FF518BD2AEC00ABE93B /* PlaybackConstants.m in Sources */,
				D32861701924744200395FEA /* NSHTTPCookieStorage+Swizzle.m in Sources */,
				D3DF18181A99A581002AEE64 /* GoogleStyle.m in Sources */,
				D3D4C3EB18E77AA0007238B3 /* LastFmTrackTableCellView.m in Sources */,
				1A7B685317453E40001E509E /* AppDelegate.m in Sources */,
				D3DB8FF818BD6A6400ABE93B /* PlaybackSliderCell.m in Sources */,
				D3FAC6D718BA942500D9F461 /* PopupViewDelegate.m in Sources */,
				D3091F6618C3D7C4007C8DCD /* SwipeIndicatorView.m in Sources */,
				D37C9286195DFE870035709A /* YosemiteStyle.m in Sources */,
				D3091F6918C40FBD007C8DCD /* SwipeAnimation.m in Sources */,
				D323406A18C523BC008C165B /* AboutWindow.m in Sources */,
				D328616B192414B900395FEA /* NSHTTPCookie+Coding.m in Sources */,
				D37C9289195E19BD0035709A /* NSImage+Data.m in Sources */,
				D377DB5B1B0A6F5900026312 /* JSURLProtocol.m in Sources */,
				D32CCEFA18BE039E00BDD484 /* PopupPanel.m in Sources */,
				D31ACE84193ACDC300AC7CB4 /* RatingBadgeButton.m in Sources */,
				D346173519D907F300017023 /* SpotifyBlackVibrantStyle.m in Sources */,
				D37B638718F1E7680098F9DC /* SpriteDownloadURLProtocol.m in Sources */,
				D3B71C2818C2D5240041358B /* PreferencesWindowController.m in Sources */,
				D328616519234D7900395FEA /* TitleBarTextView.m in Sources */,
				D318341718CFBC7400E8F9B1 /* AppearancePreferencesViewController.m in Sources */,
				D37B638418ED315B0098F9DC /* LastFm+TrackInfo.m in Sources */,
				D30CA0081938722F007B05B2 /* NSImage+ScriptingDescriptor.m in Sources */,
				D35788BD18C2F820006AF859 /* GeneralPreferencesViewController.m in Sources */,
				D3FAC6D418BA81EC00D9F461 /* PopupStatusView.m in Sources */,
				D31ACE8A193BDD0F00AC7CB4 /* NotificationCenter.m in Sources */,
				D362D5421924D17B00FC0C56 /* PrivacyPreferencesViewController.m in Sources */,
				D37C928C195E3B3F0035709A /* SpotifyBlackStyle.m in Sources */,
				FF76BDFF1C05083D0004D31A /* DarkCyanStyle.m in Sources */,
				D343CDF518C69DF4002F9DB3 /* NavigationPreferencesViewController.m in Sources */,
				D3F14A4918F357AA007D4536 /* AdvancedPreferencesViewController.m in Sources */,
				D3D4C3E818E76674007238B3 /* LastFmPopover.m in Sources */,
				D3091F6318C32961007C8DCD /* Utilities.m in Sources */,
				D370E8E318E2BFE1007B5450 /* ExpandHoverView.m in Sources */,
				D32861681924000800395FEA /* NSDate+UTCString.m in Sources */,
				D32CCEFD18BE9BF800BDD484 /* PopupView.m in Sources */,
				D36F50651A3D874E000541C9 /* VisualEffectView.m in Sources */,
				B06FB3D219F7723500351943 /* LightStyle.m in Sources */,
			);
			runOnlyForDeploymentPostprocessing = 0;
		};
/* End PBXSourcesBuildPhase section */

/* Begin PBXVariantGroup section */
		1A7B684817453E40001E509E /* InfoPlist.strings */ = {
			isa = PBXVariantGroup;
			children = (
				1A7B684917453E40001E509E /* en */,
			);
			name = InfoPlist.strings;
			sourceTree = "<group>";
		};
		1A7B684E17453E40001E509E /* Credits.rtf */ = {
			isa = PBXVariantGroup;
			children = (
				1A7B684F17453E40001E509E /* en */,
			);
			name = Credits.rtf;
			sourceTree = "<group>";
		};
		1A7B685417453E40001E509E /* MainMenu.xib */ = {
			isa = PBXVariantGroup;
			children = (
				1A7B685517453E40001E509E /* en */,
			);
			name = MainMenu.xib;
			sourceTree = "<group>";
		};
/* End PBXVariantGroup section */

/* Begin XCBuildConfiguration section */
		1A7B686B17453E40001E509E /* Debug */ = {
			isa = XCBuildConfiguration;
			buildSettings = {
				ALWAYS_SEARCH_USER_PATHS = NO;
				CLANG_CXX_LANGUAGE_STANDARD = "gnu++0x";
				CLANG_CXX_LIBRARY = "libc++";
				CLANG_ENABLE_OBJC_ARC = YES;
				CLANG_WARN_CONSTANT_CONVERSION = YES;
				CLANG_WARN_EMPTY_BODY = YES;
				CLANG_WARN_ENUM_CONVERSION = YES;
				CLANG_WARN_INT_CONVERSION = YES;
				CLANG_WARN__DUPLICATE_METHOD_MATCH = YES;
				COPY_PHASE_STRIP = NO;
				GCC_C_LANGUAGE_STANDARD = gnu99;
				GCC_DYNAMIC_NO_PIC = NO;
				GCC_ENABLE_OBJC_EXCEPTIONS = YES;
				GCC_OPTIMIZATION_LEVEL = 0;
				GCC_PREPROCESSOR_DEFINITIONS = (
					"DEBUG=1",
					"$(inherited)",
				);
				GCC_SYMBOLS_PRIVATE_EXTERN = NO;
				GCC_WARN_64_TO_32_BIT_CONVERSION = YES;
				GCC_WARN_ABOUT_RETURN_TYPE = YES;
				GCC_WARN_UNINITIALIZED_AUTOS = YES;
				GCC_WARN_UNUSED_VARIABLE = YES;
				MACOSX_DEPLOYMENT_TARGET = 10.8;
				ONLY_ACTIVE_ARCH = YES;
				SDKROOT = macosx;
			};
			name = Debug;
		};
		1A7B686C17453E40001E509E /* Release */ = {
			isa = XCBuildConfiguration;
			buildSettings = {
				ALWAYS_SEARCH_USER_PATHS = NO;
				CLANG_CXX_LANGUAGE_STANDARD = "gnu++0x";
				CLANG_CXX_LIBRARY = "libc++";
				CLANG_ENABLE_OBJC_ARC = YES;
				CLANG_WARN_CONSTANT_CONVERSION = YES;
				CLANG_WARN_EMPTY_BODY = YES;
				CLANG_WARN_ENUM_CONVERSION = YES;
				CLANG_WARN_INT_CONVERSION = YES;
				CLANG_WARN__DUPLICATE_METHOD_MATCH = YES;
				COPY_PHASE_STRIP = YES;
				DEBUG_INFORMATION_FORMAT = "dwarf-with-dsym";
				GCC_C_LANGUAGE_STANDARD = gnu99;
				GCC_ENABLE_OBJC_EXCEPTIONS = YES;
				GCC_WARN_64_TO_32_BIT_CONVERSION = YES;
				GCC_WARN_ABOUT_RETURN_TYPE = YES;
				GCC_WARN_UNINITIALIZED_AUTOS = YES;
				GCC_WARN_UNUSED_VARIABLE = YES;
				MACOSX_DEPLOYMENT_TARGET = 10.8;
				SDKROOT = macosx;
			};
			name = Release;
		};
		1A7B686E17453E40001E509E /* Debug */ = {
			isa = XCBuildConfiguration;
			baseConfigurationReference = A32790DC482A48E18B516D0B /* Pods.xcconfig */;
			buildSettings = {
				COMBINE_HIDPI_IMAGES = YES;
				FRAMEWORK_SEARCH_PATHS = (
					"$(inherited)",
					"$(PROJECT_DIR)/radiant-player-mac/Frameworks",
				);
				GCC_PRECOMPILE_PREFIX_HEADER = YES;
				GCC_PREFIX_HEADER = "radiant-player-mac/prefix.pch";
				INFOPLIST_FILE = "$(SRCROOT)/radiant-player-mac/info.plist";
				LD_RUNPATH_SEARCH_PATHS = "@loader_path/../Frameworks";
				PRODUCT_NAME = "Radiant Player";
				WRAPPER_EXTENSION = app;
			};
			name = Debug;
		};
		1A7B686F17453E40001E509E /* Release */ = {
			isa = XCBuildConfiguration;
			baseConfigurationReference = A32790DC482A48E18B516D0B /* Pods.xcconfig */;
			buildSettings = {
				COMBINE_HIDPI_IMAGES = YES;
				FRAMEWORK_SEARCH_PATHS = (
					"$(inherited)",
					"$(PROJECT_DIR)/radiant-player-mac/Frameworks",
				);
				GCC_PRECOMPILE_PREFIX_HEADER = YES;
				GCC_PREFIX_HEADER = "radiant-player-mac/prefix.pch";
				INFOPLIST_FILE = "$(SRCROOT)/radiant-player-mac/info.plist";
				LD_RUNPATH_SEARCH_PATHS = "@loader_path/../Frameworks";
				PRODUCT_NAME = "Radiant Player";
				WRAPPER_EXTENSION = app;
			};
			name = Release;
		};
/* End XCBuildConfiguration section */

/* Begin XCConfigurationList section */
		1A7B683717453E40001E509E /* Build configuration list for PBXProject "radiant-player-mac" */ = {
			isa = XCConfigurationList;
			buildConfigurations = (
				1A7B686B17453E40001E509E /* Debug */,
				1A7B686C17453E40001E509E /* Release */,
			);
			defaultConfigurationIsVisible = 0;
			defaultConfigurationName = Release;
		};
		1A7B686D17453E40001E509E /* Build configuration list for PBXNativeTarget "Radiant Player" */ = {
			isa = XCConfigurationList;
			buildConfigurations = (
				1A7B686E17453E40001E509E /* Debug */,
				1A7B686F17453E40001E509E /* Release */,
			);
			defaultConfigurationIsVisible = 0;
			defaultConfigurationName = Release;
		};
/* End XCConfigurationList section */
	};
	rootObject = 1A7B683417453E40001E509E /* Project object */;
}
