<?xml version="1.0" encoding="UTF-8"?>
<!DOCTYPE plist PUBLIC "-//Apple//DTD PLIST 1.0//EN" "http://www.apple.com/DTDs/PropertyList-1.0.dtd">
<plist version="1.0">
<dict>
	<key>archiveVersion</key>
	<string>1</string>
	<key>classes</key>
	<dict/>
	<key>objectVersion</key>
	<string>46</string>
	<key>objects</key>
	<dict>
		<key>1A68DAD61803B588004CBA25</key>
		<dict>
			<key>fileEncoding</key>
			<string>4</string>
			<key>isa</key>
			<string>PBXFileReference</string>
			<key>lastKnownFileType</key>
			<string>sourcecode.c.h</string>
			<key>path</key>
			<string>CustomWebView.h</string>
			<key>sourceTree</key>
			<string>&lt;group&gt;</string>
		</dict>
		<key>1A68DAD71803B588004CBA25</key>
		<dict>
			<key>fileEncoding</key>
			<string>4</string>
			<key>isa</key>
			<string>PBXFileReference</string>
			<key>lastKnownFileType</key>
			<string>sourcecode.c.objc</string>
			<key>path</key>
			<string>CustomWebView.m</string>
			<key>sourceTree</key>
			<string>&lt;group&gt;</string>
		</dict>
		<key>1A68DAD81803B588004CBA25</key>
		<dict>
			<key>fileRef</key>
			<string>1A68DAD71803B588004CBA25</string>
			<key>isa</key>
			<string>PBXBuildFile</string>
		</dict>
		<key>1A7B683317453E40001E509E</key>
		<dict>
			<key>children</key>
			<array>
				<string>1A7B68801745ABBD001E509E</string>
				<string>1A7B684517453E40001E509E</string>
				<string>1A7B683E17453E40001E509E</string>
				<string>1A7B683D17453E40001E509E</string>
				<string>A32790DC482A48E18B516D0B</string>
			</array>
			<key>isa</key>
			<string>PBXGroup</string>
			<key>sourceTree</key>
			<string>&lt;group&gt;</string>
		</dict>
		<key>1A7B683417453E40001E509E</key>
		<dict>
			<key>attributes</key>
			<dict>
				<key>LastUpgradeCheck</key>
				<string>0500</string>
				<key>ORGANIZATIONNAME</key>
				<string>Sajid Anwar</string>
			</dict>
			<key>buildConfigurationList</key>
			<string>1A7B683717453E40001E509E</string>
			<key>compatibilityVersion</key>
			<string>Xcode 3.2</string>
			<key>developmentRegion</key>
			<string>English</string>
			<key>hasScannedForEncodings</key>
			<string>0</string>
			<key>isa</key>
			<string>PBXProject</string>
			<key>knownRegions</key>
			<array>
				<string>en</string>
			</array>
			<key>mainGroup</key>
			<string>1A7B683317453E40001E509E</string>
			<key>productRefGroup</key>
			<string>1A7B683D17453E40001E509E</string>
			<key>projectDirPath</key>
			<string></string>
			<key>projectReferences</key>
			<array/>
			<key>projectRoot</key>
			<string></string>
			<key>targets</key>
			<array>
				<string>1A7B683B17453E40001E509E</string>
			</array>
		</dict>
		<key>1A7B683717453E40001E509E</key>
		<dict>
			<key>buildConfigurations</key>
			<array>
				<string>1A7B686B17453E40001E509E</string>
				<string>1A7B686C17453E40001E509E</string>
			</array>
			<key>defaultConfigurationIsVisible</key>
			<string>0</string>
			<key>defaultConfigurationName</key>
			<string>Release</string>
			<key>isa</key>
			<string>XCConfigurationList</string>
		</dict>
		<key>1A7B683817453E40001E509E</key>
		<dict>
			<key>buildActionMask</key>
			<string>2147483647</string>
			<key>files</key>
			<array>
				<string>D3B1668318BB0E43003FCE6B</string>
				<string>1A68DAD81803B588004CBA25</string>
				<string>1A7B684C17453E40001E509E</string>
				<string>1A7B685317453E40001E509E</string>
			</array>
			<key>isa</key>
			<string>PBXSourcesBuildPhase</string>
			<key>runOnlyForDeploymentPostprocessing</key>
			<string>0</string>
		</dict>
		<key>1A7B683917453E40001E509E</key>
		<dict>
			<key>buildActionMask</key>
			<string>2147483647</string>
			<key>files</key>
			<array>
				<string>1A7B687417453E4C001E509E</string>
				<string>1A7B684017453E40001E509E</string>
				<string>38D0C36DAD0F40F5A7254224</string>
			</array>
			<key>isa</key>
			<string>PBXFrameworksBuildPhase</string>
			<key>runOnlyForDeploymentPostprocessing</key>
			<string>0</string>
		</dict>
		<key>1A7B683A17453E40001E509E</key>
		<dict>
			<key>buildActionMask</key>
			<string>2147483647</string>
			<key>files</key>
			<array>
				<string>D326EA6418B2D7E500BEC02F</string>
				<string>D326EA6518B2D7E500BEC02F</string>
				<string>D302E13418B561E100CCD18E</string>
				<string>1A7B684A17453E40001E509E</string>
				<string>1A7B685017453E40001E509E</string>
				<string>1A7B685617453E40001E509E</string>
				<string>1A7B68811745ABBD001E509E</string>
			</array>
			<key>isa</key>
			<string>PBXResourcesBuildPhase</string>
			<key>runOnlyForDeploymentPostprocessing</key>
			<string>0</string>
		</dict>
		<key>1A7B683B17453E40001E509E</key>
		<dict>
			<key>buildConfigurationList</key>
			<string>1A7B686D17453E40001E509E</string>
			<key>buildPhases</key>
			<array>
				<string>7A2071DB33B24D5B85C39505</string>
				<string>1A7B683817453E40001E509E</string>
				<string>1A7B683917453E40001E509E</string>
				<string>1A7B683A17453E40001E509E</string>
				<string>D3981F6318B5D5D900EA4D7A</string>
				<string>D0B126C78BE34593B5FE493C</string>
			</array>
			<key>buildRules</key>
			<array/>
			<key>dependencies</key>
			<array/>
			<key>isa</key>
			<string>PBXNativeTarget</string>
			<key>name</key>
			<string>Google Music</string>
			<key>productName</key>
			<string>GoogleMusic</string>
			<key>productReference</key>
			<string>1A7B683C17453E40001E509E</string>
			<key>productType</key>
			<string>com.apple.product-type.application</string>
		</dict>
		<key>1A7B683C17453E40001E509E</key>
		<dict>
			<key>explicitFileType</key>
			<string>wrapper.application</string>
			<key>includeInIndex</key>
			<string>0</string>
			<key>isa</key>
			<string>PBXFileReference</string>
			<key>path</key>
			<string>Google Music.app</string>
			<key>sourceTree</key>
			<string>BUILT_PRODUCTS_DIR</string>
		</dict>
		<key>1A7B683D17453E40001E509E</key>
		<dict>
			<key>children</key>
			<array>
				<string>1A7B683C17453E40001E509E</string>
			</array>
			<key>isa</key>
			<string>PBXGroup</string>
			<key>name</key>
			<string>Products</string>
			<key>sourceTree</key>
			<string>&lt;group&gt;</string>
		</dict>
		<key>1A7B683E17453E40001E509E</key>
		<dict>
			<key>children</key>
			<array>
				<string>1A7B687317453E4C001E509E</string>
				<string>1A7B683F17453E40001E509E</string>
				<string>1A7B684117453E40001E509E</string>
				<string>BABD1B4DDCC34CB291C66033</string>
			</array>
			<key>isa</key>
			<string>PBXGroup</string>
			<key>name</key>
			<string>Frameworks</string>
			<key>sourceTree</key>
			<string>&lt;group&gt;</string>
		</dict>
		<key>1A7B683F17453E40001E509E</key>
		<dict>
			<key>isa</key>
			<string>PBXFileReference</string>
			<key>lastKnownFileType</key>
			<string>wrapper.framework</string>
			<key>name</key>
			<string>Cocoa.framework</string>
			<key>path</key>
			<string>System/Library/Frameworks/Cocoa.framework</string>
			<key>sourceTree</key>
			<string>SDKROOT</string>
		</dict>
		<key>1A7B684017453E40001E509E</key>
		<dict>
			<key>fileRef</key>
			<string>1A7B683F17453E40001E509E</string>
			<key>isa</key>
			<string>PBXBuildFile</string>
		</dict>
		<key>1A7B684117453E40001E509E</key>
		<dict>
			<key>children</key>
			<array>
				<string>1A7B684217453E40001E509E</string>
				<string>1A7B684317453E40001E509E</string>
				<string>1A7B684417453E40001E509E</string>
			</array>
			<key>isa</key>
			<string>PBXGroup</string>
			<key>name</key>
			<string>Other Frameworks</string>
			<key>sourceTree</key>
			<string>&lt;group&gt;</string>
		</dict>
		<key>1A7B684217453E40001E509E</key>
		<dict>
			<key>isa</key>
			<string>PBXFileReference</string>
			<key>lastKnownFileType</key>
			<string>wrapper.framework</string>
			<key>name</key>
			<string>AppKit.framework</string>
			<key>path</key>
			<string>System/Library/Frameworks/AppKit.framework</string>
			<key>sourceTree</key>
			<string>SDKROOT</string>
		</dict>
		<key>1A7B684317453E40001E509E</key>
		<dict>
			<key>isa</key>
			<string>PBXFileReference</string>
			<key>lastKnownFileType</key>
			<string>wrapper.framework</string>
			<key>name</key>
			<string>CoreData.framework</string>
			<key>path</key>
			<string>System/Library/Frameworks/CoreData.framework</string>
			<key>sourceTree</key>
			<string>SDKROOT</string>
		</dict>
		<key>1A7B684417453E40001E509E</key>
		<dict>
			<key>isa</key>
			<string>PBXFileReference</string>
			<key>lastKnownFileType</key>
			<string>wrapper.framework</string>
			<key>name</key>
			<string>Foundation.framework</string>
			<key>path</key>
			<string>System/Library/Frameworks/Foundation.framework</string>
			<key>sourceTree</key>
			<string>SDKROOT</string>
		</dict>
		<key>1A7B684517453E40001E509E</key>
		<dict>
			<key>children</key>
			<array>
				<string>D326EA6218B2D7E500BEC02F</string>
				<string>D326EA6318B2D7E500BEC02F</string>
				<string>1A7B685117453E40001E509E</string>
				<string>1A7B685217453E40001E509E</string>
				<string>1A7B685417453E40001E509E</string>
				<string>1A68DAD61803B588004CBA25</string>
				<string>1A68DAD71803B588004CBA25</string>
				<string>D3B1668118BB0E43003FCE6B</string>
				<string>D3B1668218BB0E43003FCE6B</string>
				<string>1A7B684617453E40001E509E</string>
			</array>
			<key>isa</key>
			<string>PBXGroup</string>
			<key>path</key>
			<string>google-music-mac</string>
			<key>sourceTree</key>
			<string>&lt;group&gt;</string>
		</dict>
		<key>1A7B684617453E40001E509E</key>
		<dict>
			<key>children</key>
			<array>
				<string>1A7B684717453E40001E509E</string>
				<string>1A7B684817453E40001E509E</string>
				<string>1A7B684B17453E40001E509E</string>
				<string>1A7B684D17453E40001E509E</string>
				<string>1A7B684E17453E40001E509E</string>
				<string>D302E13318B561E100CCD18E</string>
			</array>
			<key>isa</key>
			<string>PBXGroup</string>
			<key>name</key>
			<string>Supporting Files</string>
			<key>sourceTree</key>
			<string>&lt;group&gt;</string>
		</dict>
		<key>1A7B684717453E40001E509E</key>
		<dict>
			<key>isa</key>
			<string>PBXFileReference</string>
			<key>lastKnownFileType</key>
			<string>text.plist.xml</string>
			<key>path</key>
			<string>info.plist</string>
			<key>sourceTree</key>
			<string>&lt;group&gt;</string>
		</dict>
		<key>1A7B684817453E40001E509E</key>
		<dict>
			<key>children</key>
			<array>
				<string>1A7B684917453E40001E509E</string>
			</array>
			<key>isa</key>
			<string>PBXVariantGroup</string>
			<key>name</key>
			<string>InfoPlist.strings</string>
			<key>sourceTree</key>
			<string>&lt;group&gt;</string>
		</dict>
		<key>1A7B684917453E40001E509E</key>
		<dict>
			<key>isa</key>
			<string>PBXFileReference</string>
			<key>lastKnownFileType</key>
			<string>text.plist.strings</string>
			<key>name</key>
			<string>en</string>
			<key>path</key>
			<string>en.lproj/InfoPlist.strings</string>
			<key>sourceTree</key>
			<string>&lt;group&gt;</string>
		</dict>
		<key>1A7B684A17453E40001E509E</key>
		<dict>
			<key>fileRef</key>
			<string>1A7B684817453E40001E509E</string>
			<key>isa</key>
			<string>PBXBuildFile</string>
		</dict>
		<key>1A7B684B17453E40001E509E</key>
		<dict>
			<key>isa</key>
			<string>PBXFileReference</string>
			<key>lastKnownFileType</key>
			<string>sourcecode.c.objc</string>
			<key>path</key>
			<string>main.m</string>
			<key>sourceTree</key>
			<string>&lt;group&gt;</string>
		</dict>
		<key>1A7B684C17453E40001E509E</key>
		<dict>
			<key>fileRef</key>
			<string>1A7B684B17453E40001E509E</string>
			<key>isa</key>
			<string>PBXBuildFile</string>
		</dict>
		<key>1A7B684D17453E40001E509E</key>
		<dict>
			<key>isa</key>
			<string>PBXFileReference</string>
			<key>lastKnownFileType</key>
			<string>sourcecode.c.h</string>
			<key>path</key>
			<string>prefix.pch</string>
			<key>sourceTree</key>
			<string>&lt;group&gt;</string>
		</dict>
		<key>1A7B684E17453E40001E509E</key>
		<dict>
			<key>children</key>
			<array>
				<string>1A7B684F17453E40001E509E</string>
			</array>
			<key>isa</key>
			<string>PBXVariantGroup</string>
			<key>name</key>
			<string>Credits.rtf</string>
			<key>sourceTree</key>
			<string>&lt;group&gt;</string>
		</dict>
		<key>1A7B684F17453E40001E509E</key>
		<dict>
			<key>isa</key>
			<string>PBXFileReference</string>
			<key>lastKnownFileType</key>
			<string>text.rtf</string>
			<key>name</key>
			<string>en</string>
			<key>path</key>
			<string>en.lproj/Credits.rtf</string>
			<key>sourceTree</key>
			<string>&lt;group&gt;</string>
		</dict>
		<key>1A7B685017453E40001E509E</key>
		<dict>
			<key>fileRef</key>
			<string>1A7B684E17453E40001E509E</string>
			<key>isa</key>
			<string>PBXBuildFile</string>
		</dict>
		<key>1A7B685117453E40001E509E</key>
		<dict>
			<key>isa</key>
			<string>PBXFileReference</string>
			<key>lastKnownFileType</key>
			<string>sourcecode.c.h</string>
			<key>path</key>
			<string>AppDelegate.h</string>
			<key>sourceTree</key>
			<string>&lt;group&gt;</string>
		</dict>
		<key>1A7B685217453E40001E509E</key>
		<dict>
			<key>isa</key>
			<string>PBXFileReference</string>
			<key>lastKnownFileType</key>
			<string>sourcecode.c.objc</string>
			<key>path</key>
			<string>AppDelegate.m</string>
			<key>sourceTree</key>
			<string>&lt;group&gt;</string>
		</dict>
		<key>1A7B685317453E40001E509E</key>
		<dict>
			<key>fileRef</key>
			<string>1A7B685217453E40001E509E</string>
			<key>isa</key>
			<string>PBXBuildFile</string>
		</dict>
		<key>1A7B685417453E40001E509E</key>
		<dict>
			<key>children</key>
			<array>
				<string>1A7B685517453E40001E509E</string>
			</array>
			<key>isa</key>
			<string>PBXVariantGroup</string>
			<key>name</key>
			<string>MainMenu.xib</string>
			<key>sourceTree</key>
			<string>&lt;group&gt;</string>
		</dict>
		<key>1A7B685517453E40001E509E</key>
		<dict>
			<key>isa</key>
			<string>PBXFileReference</string>
			<key>lastKnownFileType</key>
			<string>file.xib</string>
			<key>name</key>
			<string>en</string>
			<key>path</key>
			<string>en.lproj/MainMenu.xib</string>
			<key>sourceTree</key>
			<string>&lt;group&gt;</string>
		</dict>
		<key>1A7B685617453E40001E509E</key>
		<dict>
			<key>fileRef</key>
			<string>1A7B685417453E40001E509E</string>
			<key>isa</key>
			<string>PBXBuildFile</string>
		</dict>
		<key>1A7B686B17453E40001E509E</key>
		<dict>
			<key>buildSettings</key>
			<dict>
				<key>ALWAYS_SEARCH_USER_PATHS</key>
				<string>NO</string>
				<key>CLANG_CXX_LANGUAGE_STANDARD</key>
				<string>gnu++0x</string>
				<key>CLANG_CXX_LIBRARY</key>
				<string>libc++</string>
				<key>CLANG_ENABLE_OBJC_ARC</key>
				<string>YES</string>
				<key>CLANG_WARN_CONSTANT_CONVERSION</key>
				<string>YES</string>
				<key>CLANG_WARN_EMPTY_BODY</key>
				<string>YES</string>
				<key>CLANG_WARN_ENUM_CONVERSION</key>
				<string>YES</string>
				<key>CLANG_WARN_INT_CONVERSION</key>
				<string>YES</string>
				<key>CLANG_WARN__DUPLICATE_METHOD_MATCH</key>
				<string>YES</string>
				<key>COPY_PHASE_STRIP</key>
				<string>NO</string>
				<key>GCC_C_LANGUAGE_STANDARD</key>
				<string>gnu99</string>
				<key>GCC_DYNAMIC_NO_PIC</key>
				<string>NO</string>
				<key>GCC_ENABLE_OBJC_EXCEPTIONS</key>
				<string>YES</string>
				<key>GCC_OPTIMIZATION_LEVEL</key>
				<string>0</string>
				<key>GCC_PREPROCESSOR_DEFINITIONS</key>
				<array>
					<string>DEBUG=1</string>
					<string>$(inherited)</string>
				</array>
				<key>GCC_SYMBOLS_PRIVATE_EXTERN</key>
				<string>NO</string>
				<key>GCC_WARN_64_TO_32_BIT_CONVERSION</key>
				<string>YES</string>
				<key>GCC_WARN_ABOUT_RETURN_TYPE</key>
				<string>YES</string>
				<key>GCC_WARN_UNINITIALIZED_AUTOS</key>
				<string>YES</string>
				<key>GCC_WARN_UNUSED_VARIABLE</key>
				<string>YES</string>
				<key>MACOSX_DEPLOYMENT_TARGET</key>
				<string>10.8</string>
				<key>ONLY_ACTIVE_ARCH</key>
				<string>YES</string>
				<key>SDKROOT</key>
				<string>macosx</string>
			</dict>
			<key>isa</key>
			<string>XCBuildConfiguration</string>
			<key>name</key>
			<string>Debug</string>
		</dict>
		<key>1A7B686C17453E40001E509E</key>
		<dict>
			<key>buildSettings</key>
			<dict>
				<key>ALWAYS_SEARCH_USER_PATHS</key>
				<string>NO</string>
				<key>CLANG_CXX_LANGUAGE_STANDARD</key>
				<string>gnu++0x</string>
				<key>CLANG_CXX_LIBRARY</key>
				<string>libc++</string>
				<key>CLANG_ENABLE_OBJC_ARC</key>
				<string>YES</string>
				<key>CLANG_WARN_CONSTANT_CONVERSION</key>
				<string>YES</string>
				<key>CLANG_WARN_EMPTY_BODY</key>
				<string>YES</string>
				<key>CLANG_WARN_ENUM_CONVERSION</key>
				<string>YES</string>
				<key>CLANG_WARN_INT_CONVERSION</key>
				<string>YES</string>
				<key>CLANG_WARN__DUPLICATE_METHOD_MATCH</key>
				<string>YES</string>
				<key>COPY_PHASE_STRIP</key>
				<string>YES</string>
				<key>DEBUG_INFORMATION_FORMAT</key>
				<string>dwarf-with-dsym</string>
				<key>GCC_C_LANGUAGE_STANDARD</key>
				<string>gnu99</string>
				<key>GCC_ENABLE_OBJC_EXCEPTIONS</key>
				<string>YES</string>
				<key>GCC_WARN_64_TO_32_BIT_CONVERSION</key>
				<string>YES</string>
				<key>GCC_WARN_ABOUT_RETURN_TYPE</key>
				<string>YES</string>
				<key>GCC_WARN_UNINITIALIZED_AUTOS</key>
				<string>YES</string>
				<key>GCC_WARN_UNUSED_VARIABLE</key>
				<string>YES</string>
				<key>MACOSX_DEPLOYMENT_TARGET</key>
				<string>10.8</string>
				<key>SDKROOT</key>
				<string>macosx</string>
			</dict>
			<key>isa</key>
			<string>XCBuildConfiguration</string>
			<key>name</key>
			<string>Release</string>
		</dict>
		<key>1A7B686D17453E40001E509E</key>
		<dict>
			<key>buildConfigurations</key>
			<array>
				<string>1A7B686E17453E40001E509E</string>
				<string>1A7B686F17453E40001E509E</string>
			</array>
			<key>defaultConfigurationIsVisible</key>
			<string>0</string>
			<key>defaultConfigurationName</key>
			<string>Release</string>
			<key>isa</key>
			<string>XCConfigurationList</string>
		</dict>
		<key>1A7B686E17453E40001E509E</key>
		<dict>
			<key>baseConfigurationReference</key>
			<string>A32790DC482A48E18B516D0B</string>
			<key>buildSettings</key>
			<dict>
				<key>COMBINE_HIDPI_IMAGES</key>
				<string>YES</string>
				<key>FRAMEWORK_SEARCH_PATHS</key>
				<string>$(inherited)</string>
				<key>GCC_PRECOMPILE_PREFIX_HEADER</key>
				<string>YES</string>
				<key>GCC_PREFIX_HEADER</key>
				<string>google-music-mac/prefix.pch</string>
				<key>INFOPLIST_FILE</key>
				<string>google-music-mac/info.plist</string>
				<key>PRODUCT_NAME</key>
				<string>Google Music</string>
				<key>WRAPPER_EXTENSION</key>
				<string>app</string>
			</dict>
			<key>isa</key>
			<string>XCBuildConfiguration</string>
			<key>name</key>
			<string>Debug</string>
		</dict>
		<key>1A7B686F17453E40001E509E</key>
		<dict>
			<key>baseConfigurationReference</key>
			<string>A32790DC482A48E18B516D0B</string>
			<key>buildSettings</key>
			<dict>
				<key>COMBINE_HIDPI_IMAGES</key>
				<string>YES</string>
				<key>FRAMEWORK_SEARCH_PATHS</key>
				<string>$(inherited)</string>
				<key>GCC_PRECOMPILE_PREFIX_HEADER</key>
				<string>YES</string>
				<key>GCC_PREFIX_HEADER</key>
				<string>google-music-mac/prefix.pch</string>
				<key>INFOPLIST_FILE</key>
				<string>google-music-mac/info.plist</string>
				<key>PRODUCT_NAME</key>
				<string>Google Music</string>
				<key>WRAPPER_EXTENSION</key>
				<string>app</string>
			</dict>
			<key>isa</key>
			<string>XCBuildConfiguration</string>
			<key>name</key>
			<string>Release</string>
		</dict>
		<key>1A7B687317453E4C001E509E</key>
		<dict>
			<key>isa</key>
			<string>PBXFileReference</string>
			<key>lastKnownFileType</key>
			<string>wrapper.framework</string>
			<key>name</key>
			<string>WebKit.framework</string>
			<key>path</key>
			<string>System/Library/Frameworks/WebKit.framework</string>
			<key>sourceTree</key>
			<string>SDKROOT</string>
		</dict>
		<key>1A7B687417453E4C001E509E</key>
		<dict>
			<key>fileRef</key>
			<string>1A7B687317453E4C001E509E</string>
			<key>isa</key>
			<string>PBXBuildFile</string>
		</dict>
		<key>1A7B68801745ABBD001E509E</key>
		<dict>
			<key>isa</key>
			<string>PBXFileReference</string>
			<key>lastKnownFileType</key>
			<string>image.icns</string>
			<key>path</key>
			<string>icon.icns</string>
			<key>sourceTree</key>
			<string>&lt;group&gt;</string>
		</dict>
		<key>1A7B68811745ABBD001E509E</key>
		<dict>
			<key>fileRef</key>
			<string>1A7B68801745ABBD001E509E</string>
			<key>isa</key>
			<string>PBXBuildFile</string>
		</dict>
		<key>38D0C36DAD0F40F5A7254224</key>
		<dict>
			<key>fileRef</key>
			<string>BABD1B4DDCC34CB291C66033</string>
			<key>isa</key>
			<string>PBXBuildFile</string>
		</dict>
		<key>7A2071DB33B24D5B85C39505</key>
		<dict>
			<key>buildActionMask</key>
			<string>2147483647</string>
			<key>files</key>
			<array/>
			<key>inputPaths</key>
			<array/>
			<key>isa</key>
			<string>PBXShellScriptBuildPhase</string>
			<key>name</key>
			<string>Check Pods Manifest.lock</string>
			<key>outputPaths</key>
			<array/>
			<key>runOnlyForDeploymentPostprocessing</key>
			<string>0</string>
			<key>shellPath</key>
			<string>/bin/sh</string>
			<key>shellScript</key>
			<string>diff "${PODS_ROOT}/../Podfile.lock" "${PODS_ROOT}/Manifest.lock" &gt; /dev/null
if [[ $? != 0 ]] ; then
    cat &lt;&lt; EOM
error: The sandbox is not in sync with the Podfile.lock. Run 'pod install' or update your CocoaPods installation.
EOM
    exit 1
fi
</string>
			<key>showEnvVarsInLog</key>
			<string>0</string>
		</dict>
		<key>A32790DC482A48E18B516D0B</key>
		<dict>
			<key>includeInIndex</key>
			<string>1</string>
			<key>isa</key>
			<string>PBXFileReference</string>
			<key>lastKnownFileType</key>
			<string>text.xcconfig</string>
			<key>name</key>
			<string>Pods.xcconfig</string>
			<key>path</key>
			<string>Pods/Pods.xcconfig</string>
			<key>sourceTree</key>
			<string>&lt;group&gt;</string>
		</dict>
		<key>BABD1B4DDCC34CB291C66033</key>
		<dict>
			<key>explicitFileType</key>
			<string>archive.ar</string>
			<key>includeInIndex</key>
			<string>0</string>
			<key>isa</key>
			<string>PBXFileReference</string>
			<key>path</key>
			<string>libPods.a</string>
			<key>sourceTree</key>
			<string>BUILT_PRODUCTS_DIR</string>
		</dict>
		<key>D0B126C78BE34593B5FE493C</key>
		<dict>
			<key>buildActionMask</key>
			<string>2147483647</string>
			<key>files</key>
			<array/>
			<key>inputPaths</key>
			<array/>
			<key>isa</key>
			<string>PBXShellScriptBuildPhase</string>
			<key>name</key>
			<string>Copy Pods Resources</string>
			<key>outputPaths</key>
			<array/>
			<key>runOnlyForDeploymentPostprocessing</key>
			<string>0</string>
			<key>shellPath</key>
			<string>/bin/sh</string>
			<key>shellScript</key>
			<string>"${SRCROOT}/Pods/Pods-resources.sh"
</string>
			<key>showEnvVarsInLog</key>
			<string>0</string>
		</dict>
		<key>D302E13318B561E100CCD18E</key>
		<dict>
			<key>fileEncoding</key>
			<string>4</string>
			<key>isa</key>
			<string>PBXFileReference</string>
			<key>lastKnownFileType</key>
			<string>text.plist.xml</string>
			<key>path</key>
			<string>Preferences.plist</string>
			<key>sourceTree</key>
			<string>&lt;group&gt;</string>
		</dict>
		<key>D302E13418B561E100CCD18E</key>
		<dict>
			<key>fileRef</key>
			<string>D302E13318B561E100CCD18E</string>
			<key>isa</key>
			<string>PBXBuildFile</string>
		</dict>
		<key>D326EA6218B2D7E500BEC02F</key>
		<dict>
			<key>isa</key>
			<string>PBXFileReference</string>
			<key>lastKnownFileType</key>
			<string>folder</string>
			<key>path</key>
			<string>css</string>
			<key>sourceTree</key>
			<string>&lt;group&gt;</string>
		</dict>
		<key>D326EA6318B2D7E500BEC02F</key>
		<dict>
			<key>isa</key>
			<string>PBXFileReference</string>
			<key>lastKnownFileType</key>
			<string>folder</string>
			<key>path</key>
			<string>js</string>
			<key>sourceTree</key>
			<string>&lt;group&gt;</string>
		</dict>
		<key>D326EA6418B2D7E500BEC02F</key>
		<dict>
			<key>fileRef</key>
			<string>D326EA6218B2D7E500BEC02F</string>
			<key>isa</key>
			<string>PBXBuildFile</string>
		</dict>
		<key>D326EA6518B2D7E500BEC02F</key>
		<dict>
			<key>fileRef</key>
			<string>D326EA6318B2D7E500BEC02F</string>
			<key>isa</key>
			<string>PBXBuildFile</string>
		</dict>
		<key>D3981F6318B5D5D900EA4D7A</key>
		<dict>
			<key>buildActionMask</key>
			<string>2147483647</string>
			<key>files</key>
			<array/>
			<key>inputPaths</key>
			<array/>
			<key>isa</key>
			<string>PBXShellScriptBuildPhase</string>
			<key>name</key>
			<string>Run Script</string>
			<key>outputPaths</key>
			<array/>
			<key>runOnlyForDeploymentPostprocessing</key>
			<string>0</string>
			<key>shellPath</key>
			<string>/bin/sh</string>
			<key>shellScript</key>
			<string>cd ${BUILT_PRODUCTS_DIR}
rm "${PRODUCT_NAME}.zip"
zip -u -r -1 "${PRODUCT_NAME}.zip" "${PRODUCT_NAME}.app/"</string>
		</dict>
		<key>D3B1668118BB0E43003FCE6B</key>
		<dict>
			<key>fileEncoding</key>
			<string>4</string>
			<key>isa</key>
			<string>PBXFileReference</string>
			<key>lastKnownFileType</key>
			<string>sourcecode.c.h</string>
			<key>path</key>
			<string>DummyWebViewPolicyDelegate.h</string>
			<key>sourceTree</key>
			<string>&lt;group&gt;</string>
		</dict>
		<key>D3B1668218BB0E43003FCE6B</key>
		<dict>
			<key>fileEncoding</key>
			<string>4</string>
			<key>isa</key>
			<string>PBXFileReference</string>
			<key>lastKnownFileType</key>
			<string>sourcecode.c.objc</string>
			<key>path</key>
			<string>DummyWebViewPolicyDelegate.m</string>
			<key>sourceTree</key>
			<string>&lt;group&gt;</string>
		</dict>
		<key>D3B1668318BB0E43003FCE6B</key>
		<dict>
			<key>fileRef</key>
			<string>D3B1668218BB0E43003FCE6B</string>
			<key>isa</key>
			<string>PBXBuildFile</string>
		</dict>
	</dict>
	<key>rootObject</key>
	<string>1A7B683417453E40001E509E</string>
</dict>
</plist>
